// !$*UTF8*$!
{
	archiveVersion = 1;
	classes = {
	};
	objectVersion = 46;
	objects = {

/* Begin PBXBuildFile section */
		27131FDF1AB5C78100CF23DB /* MapViewController.m in Sources */ = {isa = PBXBuildFile; fileRef = 27131FDE1AB5C78100CF23DB /* MapViewController.m */; };
		27131FFD1AB72E0A00CF23DB /* MapKit.framework in Frameworks */ = {isa = PBXBuildFile; fileRef = 27131FFC1AB72E0A00CF23DB /* MapKit.framework */; };
		2713201C1AB7669F00CF23DB /* apple.png in Resources */ = {isa = PBXBuildFile; fileRef = 2713200E1AB7669F00CF23DB /* apple.png */; };
		2713201F1AB7669F00CF23DB /* cherries.png in Resources */ = {isa = PBXBuildFile; fileRef = 271320111AB7669F00CF23DB /* cherries.png */; };
		271320201AB7669F00CF23DB /* coconut.png in Resources */ = {isa = PBXBuildFile; fileRef = 271320121AB7669F00CF23DB /* coconut.png */; };
		271320211AB7669F00CF23DB /* grapes.png in Resources */ = {isa = PBXBuildFile; fileRef = 271320131AB7669F00CF23DB /* grapes.png */; };
		271320221AB7669F00CF23DB /* kiwi.png in Resources */ = {isa = PBXBuildFile; fileRef = 271320141AB7669F00CF23DB /* kiwi.png */; };
		271320231AB7669F00CF23DB /* lemon.png in Resources */ = {isa = PBXBuildFile; fileRef = 271320151AB7669F00CF23DB /* lemon.png */; };
		271320241AB7669F00CF23DB /* lime.png in Resources */ = {isa = PBXBuildFile; fileRef = 271320161AB7669F00CF23DB /* lime.png */; };
		271320261AB7669F00CF23DB /* orange.png in Resources */ = {isa = PBXBuildFile; fileRef = 271320181AB7669F00CF23DB /* orange.png */; };
		271320271AB7669F00CF23DB /* peach.png in Resources */ = {isa = PBXBuildFile; fileRef = 271320191AB7669F00CF23DB /* peach.png */; };
		271320281AB7669F00CF23DB /* strawberry.png in Resources */ = {isa = PBXBuildFile; fileRef = 2713201A1AB7669F00CF23DB /* strawberry.png */; };
		271320291AB7669F00CF23DB /* watermelon.png in Resources */ = {isa = PBXBuildFile; fileRef = 2713201B1AB7669F00CF23DB /* watermelon.png */; };
		2713202B1AB76BB800CF23DB /* peach2.png in Resources */ = {isa = PBXBuildFile; fileRef = 2713202A1AB76BB800CF23DB /* peach2.png */; };
		2713202D1AB76E2E00CF23DB /* apple2.png in Resources */ = {isa = PBXBuildFile; fileRef = 2713202C1AB76E2E00CF23DB /* apple2.png */; };
		2713202F1AB76E3500CF23DB /* banana2.png in Resources */ = {isa = PBXBuildFile; fileRef = 2713202E1AB76E3500CF23DB /* banana2.png */; };
		271320311AB76E3B00CF23DB /* grapes2.png in Resources */ = {isa = PBXBuildFile; fileRef = 271320301AB76E3B00CF23DB /* grapes2.png */; };
		271320331AB76E4300CF23DB /* orange2.png in Resources */ = {isa = PBXBuildFile; fileRef = 271320321AB76E4300CF23DB /* orange2.png */; };
		271320381AB76E7100CF23DB /* papaya.png in Resources */ = {isa = PBXBuildFile; fileRef = 271320341AB76E7100CF23DB /* papaya.png */; };
		271320391AB76E7100CF23DB /* pineapple.png in Resources */ = {isa = PBXBuildFile; fileRef = 271320351AB76E7100CF23DB /* pineapple.png */; };
		2713203A1AB76E7100CF23DB /* strawberry2.png in Resources */ = {isa = PBXBuildFile; fileRef = 271320361AB76E7100CF23DB /* strawberry2.png */; };
		2713203B1AB76E7100CF23DB /* watermelon2.png in Resources */ = {isa = PBXBuildFile; fileRef = 271320371AB76E7100CF23DB /* watermelon2.png */; };
		2713203D1AB76E9200CF23DB /* peach2.png in Resources */ = {isa = PBXBuildFile; fileRef = 2713203C1AB76E9200CF23DB /* peach2.png */; };
		271320401AB77AA800CF23DB /* MapPostViewController.m in Sources */ = {isa = PBXBuildFile; fileRef = 2713203F1AB77AA800CF23DB /* MapPostViewController.m */; };
		272925081ABB7C0800A271D4 /* AdSupport.framework in Frameworks */ = {isa = PBXBuildFile; fileRef = 272925071ABB7C0800A271D4 /* AdSupport.framework */; };
		2729250A1ABB7C1300A271D4 /* CoreTelephony.framework in Frameworks */ = {isa = PBXBuildFile; fileRef = 272925091ABB7C1300A271D4 /* CoreTelephony.framework */; };
		2729251D1ABC59AB00A271D4 /* ColouredTableViewCell.m in Sources */ = {isa = PBXBuildFile; fileRef = 2729251C1ABC59AB00A271D4 /* ColouredTableViewCell.m */; };
		272925201ABC692A00A271D4 /* DITableViewCell.m in Sources */ = {isa = PBXBuildFile; fileRef = 2729251F1ABC692A00A271D4 /* DITableViewCell.m */; };
		273E1AC51AB0B13200D41694 /* TimelineTableViewCell.m in Sources */ = {isa = PBXBuildFile; fileRef = 273E1AC41AB0B13200D41694 /* TimelineTableViewCell.m */; };
		273E42231ACC328D0048964B /* LeftPanelViewController.m in Sources */ = {isa = PBXBuildFile; fileRef = 273E42221ACC328D0048964B /* LeftPanelViewController.m */; };
		273E42261ACC336E0048964B /* TableViewItem.m in Sources */ = {isa = PBXBuildFile; fileRef = 273E42251ACC336E0048964B /* TableViewItem.m */; };
		273E422C1ACC33850048964B /* TableViewSection.m in Sources */ = {isa = PBXBuildFile; fileRef = 273E422B1ACC33850048964B /* TableViewSection.m */; };
		273E42301ACC36EA0048964B /* MenuTableViewController.m in Sources */ = {isa = PBXBuildFile; fileRef = 273E422F1ACC36EA0048964B /* MenuTableViewController.m */; };
		2748CB991ACC7AA2004D4A5E /* Club1.jpg in Resources */ = {isa = PBXBuildFile; fileRef = 2748CB921ACC7AA2004D4A5E /* Club1.jpg */; };
		2748CB9A1ACC7AA2004D4A5E /* Club2.jpg in Resources */ = {isa = PBXBuildFile; fileRef = 2748CB931ACC7AA2004D4A5E /* Club2.jpg */; };
		2748CB9B1ACC7AA2004D4A5E /* Club3.jpg in Resources */ = {isa = PBXBuildFile; fileRef = 2748CB941ACC7AA2004D4A5E /* Club3.jpg */; };
		2748CB9E1ACC7AA2004D4A5E /* Club6.jpg in Resources */ = {isa = PBXBuildFile; fileRef = 2748CB971ACC7AA2004D4A5E /* Club6.jpg */; };
		2748CB9F1ACC7AA2004D4A5E /* Club0.jpg in Resources */ = {isa = PBXBuildFile; fileRef = 2748CB981ACC7AA2004D4A5E /* Club0.jpg */; };
		2748CBA11ACC7B1D004D4A5E /* Club4.jpg in Resources */ = {isa = PBXBuildFile; fileRef = 2748CBA01ACC7B1D004D4A5E /* Club4.jpg */; };
		2748CBA31ACC7B4D004D4A5E /* Club5.jpg in Resources */ = {isa = PBXBuildFile; fileRef = 2748CBA21ACC7B4D004D4A5E /* Club5.jpg */; };
		274C88211AC0780B00C8FB72 /* AvocarrotSDK.framework in Frameworks */ = {isa = PBXBuildFile; fileRef = 274C88201AC0780B00C8FB72 /* AvocarrotSDK.framework */; };
		2771704C1AD039DC00AFF514 /* DEMOLeftMenuViewController.m in Sources */ = {isa = PBXBuildFile; fileRef = 277170491AD039DC00AFF514 /* DEMOLeftMenuViewController.m */; };
		2775C4701AC3437A00B19772 /* ProfileTableViewCell.m in Sources */ = {isa = PBXBuildFile; fileRef = 2775C46F1AC3437A00B19772 /* ProfileTableViewCell.m */; };
		2778CFC91AB9181600DD30CE /* RTSpinKitView.m in Sources */ = {isa = PBXBuildFile; fileRef = 2778CFC81AB9181600DD30CE /* RTSpinKitView.m */; };
		278CF73A1AACFD0E00A13D4B /* ProfileViewController.m in Sources */ = {isa = PBXBuildFile; fileRef = 278CF7391AACFD0E00A13D4B /* ProfileViewController.m */; };
		278CF7441AAD2EDF00A13D4B /* Reachability.m in Sources */ = {isa = PBXBuildFile; fileRef = 278CF7431AAD2EDF00A13D4B /* Reachability.m */; };
		278CF74F1AAD409600A13D4B /* AVFoundation.framework in Frameworks */ = {isa = PBXBuildFile; fileRef = 278CF74E1AAD409600A13D4B /* AVFoundation.framework */; };
		278CF78E1AAE49EA00A13D4B /* InfoViewController.m in Sources */ = {isa = PBXBuildFile; fileRef = 278CF78D1AAE49EA00A13D4B /* InfoViewController.m */; };
		279850121AD2C99E00E4CAF7 /* DIMethods.m in Sources */ = {isa = PBXBuildFile; fileRef = 279850111AD2C99E00E4CAF7 /* DIMethods.m */; };
		279DA5E21AC757D100591B4C /* strawberry3.png in Resources */ = {isa = PBXBuildFile; fileRef = 279DA5E11AC757D100591B4C /* strawberry3.png */; };
		279DA5E81AC8709400591B4C /* ArticlesTableViewController.m in Sources */ = {isa = PBXBuildFile; fileRef = 279DA5E71AC8709400591B4C /* ArticlesTableViewController.m */; };
		279DA5EB1AC874ED00591B4C /* ArticleHeaderView.m in Sources */ = {isa = PBXBuildFile; fileRef = 279DA5EA1AC874ED00591B4C /* ArticleHeaderView.m */; };
		279DA5EE1AC8751F00591B4C /* ArticleTableViewCell.m in Sources */ = {isa = PBXBuildFile; fileRef = 279DA5ED1AC8751F00591B4C /* ArticleTableViewCell.m */; };
		279DA5F31AC88F1A00591B4C /* 3date.jpeg in Resources */ = {isa = PBXBuildFile; fileRef = 279DA5F01AC88F1A00591B4C /* 3date.jpeg */; };
		279DA5F41AC88F1A00591B4C /* byob.jpeg in Resources */ = {isa = PBXBuildFile; fileRef = 279DA5F11AC88F1A00591B4C /* byob.jpeg */; };
		279DA5F51AC88F1A00591B4C /* no.jpg in Resources */ = {isa = PBXBuildFile; fileRef = 279DA5F21AC88F1A00591B4C /* no.jpg */; };
		279DA5F71AC88F9600591B4C /* food.png in Resources */ = {isa = PBXBuildFile; fileRef = 279DA5F61AC88F9600591B4C /* food.png */; };
		279DA5F91AC8905200591B4C /* gym.jpeg in Resources */ = {isa = PBXBuildFile; fileRef = 279DA5F81AC8905200591B4C /* gym.jpeg */; };
		279DA5FC1AC8926900591B4C /* lovingdublin.png in Resources */ = {isa = PBXBuildFile; fileRef = 279DA5FA1AC8926900591B4C /* lovingdublin.png */; };
		279DA5FD1AC8926900591B4C /* collegetimes.png in Resources */ = {isa = PBXBuildFile; fileRef = 279DA5FB1AC8926900591B4C /* collegetimes.png */; };
		27A334741AA63525008188FC /* main.m in Sources */ = {isa = PBXBuildFile; fileRef = 27A334731AA63525008188FC /* main.m */; };
		27A334771AA63525008188FC /* AppDelegate.m in Sources */ = {isa = PBXBuildFile; fileRef = 27A334761AA63525008188FC /* AppDelegate.m */; };
		27A3347F1AA63525008188FC /* Images.xcassets in Resources */ = {isa = PBXBuildFile; fileRef = 27A3347E1AA63525008188FC /* Images.xcassets */; };
		27A3348E1AA63525008188FC /* DropItTests.m in Sources */ = {isa = PBXBuildFile; fileRef = 27A3348D1AA63525008188FC /* DropItTests.m */; };
		27A334991AA6367F008188FC /* HomeTableViewController.m in Sources */ = {isa = PBXBuildFile; fileRef = 27A334981AA6367F008188FC /* HomeTableViewController.m */; };
		27B4041B1AA64057007DC137 /* PostTextTableViewCell.m in Sources */ = {isa = PBXBuildFile; fileRef = 27B4041A1AA64057007DC137 /* PostTextTableViewCell.m */; };
		27B404401AA66744007DC137 /* CoverPhotoPH.JPG in Resources */ = {isa = PBXBuildFile; fileRef = 27B4043F1AA66744007DC137 /* CoverPhotoPH.JPG */; };
		27B404431AA77B57007DC137 /* AddPostViewController.m in Sources */ = {isa = PBXBuildFile; fileRef = 27B404421AA77B57007DC137 /* AddPostViewController.m */; };
		27B404651AA8AC2F007DC137 /* AudioToolbox.framework in Frameworks */ = {isa = PBXBuildFile; fileRef = 27B404641AA8AC2F007DC137 /* AudioToolbox.framework */; };
		27B404671AA8AC36007DC137 /* CFNetwork.framework in Frameworks */ = {isa = PBXBuildFile; fileRef = 27B404661AA8AC36007DC137 /* CFNetwork.framework */; };
		27B4046C1AA8AC44007DC137 /* CoreGraphics.framework in Frameworks */ = {isa = PBXBuildFile; fileRef = 27B404681AA8AC44007DC137 /* CoreGraphics.framework */; };
		27B4046D1AA8AC44007DC137 /* CoreLocation.framework in Frameworks */ = {isa = PBXBuildFile; fileRef = 27B404691AA8AC44007DC137 /* CoreLocation.framework */; };
		27B4046E1AA8AC44007DC137 /* MobileCoreServices.framework in Frameworks */ = {isa = PBXBuildFile; fileRef = 27B4046A1AA8AC44007DC137 /* MobileCoreServices.framework */; };
		27B4046F1AA8AC44007DC137 /* QuartzCore.framework in Frameworks */ = {isa = PBXBuildFile; fileRef = 27B4046B1AA8AC44007DC137 /* QuartzCore.framework */; };
		27B404711AA8AC49007DC137 /* Security.framework in Frameworks */ = {isa = PBXBuildFile; fileRef = 27B404701AA8AC49007DC137 /* Security.framework */; };
		27B404731AA8AC4E007DC137 /* StoreKit.framework in Frameworks */ = {isa = PBXBuildFile; fileRef = 27B404721AA8AC4E007DC137 /* StoreKit.framework */; };
		27B404751AA8AC57007DC137 /* SystemConfiguration.framework in Frameworks */ = {isa = PBXBuildFile; fileRef = 27B404741AA8AC57007DC137 /* SystemConfiguration.framework */; };
		27B404781AA8AC6D007DC137 /* libsqlite3.dylib in Frameworks */ = {isa = PBXBuildFile; fileRef = 27B404761AA8AC6D007DC137 /* libsqlite3.dylib */; };
		27B404791AA8AC6D007DC137 /* libz.dylib in Frameworks */ = {isa = PBXBuildFile; fileRef = 27B404771AA8AC6D007DC137 /* libz.dylib */; };
		27B404811AA8ACF2007DC137 /* Parse.framework in Frameworks */ = {isa = PBXBuildFile; fileRef = 27B4047C1AA8ACF2007DC137 /* Parse.framework */; };
		27B404831AA8ACF2007DC137 /* ParseFacebookUtils.framework in Frameworks */ = {isa = PBXBuildFile; fileRef = 27B4047E1AA8ACF2007DC137 /* ParseFacebookUtils.framework */; };
		27B404841AA8ACF2007DC137 /* ParseUI.framework in Frameworks */ = {isa = PBXBuildFile; fileRef = 27B4047F1AA8ACF2007DC137 /* ParseUI.framework */; };
		27B404861AA8AD64007DC137 /* Social.framework in Frameworks */ = {isa = PBXBuildFile; fileRef = 27B404851AA8AD64007DC137 /* Social.framework */; };
		27B404881AA8AD8D007DC137 /* FacebookSDK.framework in Frameworks */ = {isa = PBXBuildFile; fileRef = 27B404871AA8AD8D007DC137 /* FacebookSDK.framework */; };
		27B4048A1AA8ADBE007DC137 /* Accounts.framework in Frameworks */ = {isa = PBXBuildFile; fileRef = 27B404891AA8ADBD007DC137 /* Accounts.framework */; };
		27B4048F1AA8EDD1007DC137 /* Config.m in Sources */ = {isa = PBXBuildFile; fileRef = 27B4048E1AA8EDD1007DC137 /* Config.m */; };
		27B404A21AA9F3FF007DC137 /* ViewPostTableViewController.m in Sources */ = {isa = PBXBuildFile; fileRef = 27B404A11AA9F3FF007DC137 /* ViewPostTableViewController.m */; };
		27B404D81AAB9570007DC137 /* LPlaceholderTextView.m in Sources */ = {isa = PBXBuildFile; fileRef = 27B404D61AAB9570007DC137 /* LPlaceholderTextView.m */; };
		27B404DB1AABBEEC007DC137 /* CommentTableViewCell.m in Sources */ = {isa = PBXBuildFile; fileRef = 27B404DA1AABBEEC007DC137 /* CommentTableViewCell.m */; };
		27B96A941AAFBA4900AC4120 /* ABCIntroView.m in Sources */ = {isa = PBXBuildFile; fileRef = 27B96A8E1AAFBA4900AC4120 /* ABCIntroView.m */; };
		27B96A951AAFBA4900AC4120 /* Add.png in Resources */ = {isa = PBXBuildFile; fileRef = 27B96A8F1AAFBA4900AC4120 /* Add.png */; };
		27B96A961AAFBA4900AC4120 /* Comment.png in Resources */ = {isa = PBXBuildFile; fileRef = 27B96A901AAFBA4900AC4120 /* Comment.png */; };
		27B96A971AAFBA4900AC4120 /* Dislike.png in Resources */ = {isa = PBXBuildFile; fileRef = 27B96A911AAFBA4900AC4120 /* Dislike.png */; };
		27B96A981AAFBA4900AC4120 /* Profile.png in Resources */ = {isa = PBXBuildFile; fileRef = 27B96A921AAFBA4900AC4120 /* Profile.png */; };
		27B96A991AAFBA4900AC4120 /* Time.png in Resources */ = {isa = PBXBuildFile; fileRef = 27B96A931AAFBA4900AC4120 /* Time.png */; };
		27B96AA31AAFBD1300AC4120 /* MCSwipeTableViewCell.m in Sources */ = {isa = PBXBuildFile; fileRef = 27B96AA21AAFBD1300AC4120 /* MCSwipeTableViewCell.m */; };
		27B96AA61AAFBD5C00AC4120 /* cross.png in Resources */ = {isa = PBXBuildFile; fileRef = 27B96AA41AAFBD5C00AC4120 /* cross.png */; };
		27B96AA71AAFBD5C00AC4120 /* cross@2x.png in Resources */ = {isa = PBXBuildFile; fileRef = 27B96AA51AAFBD5C00AC4120 /* cross@2x.png */; };
		27B96AAA1AAFBD7400AC4120 /* CCMBorderView.m in Sources */ = {isa = PBXBuildFile; fileRef = 27B96AA91AAFBD7400AC4120 /* CCMBorderView.m */; };
		27B96AB01AB00ED600AC4120 /* Blue-Blurry-Desktop-Background.jpg in Resources */ = {isa = PBXBuildFile; fileRef = 27B96AAE1AB00ED600AC4120 /* Blue-Blurry-Desktop-Background.jpg */; };
		27CBDEDD1AC99B1E004DEEE1 /* .DS_Store in Resources */ = {isa = PBXBuildFile; fileRef = 27CBDEC31AC99B1E004DEEE1 /* .DS_Store */; };
		27CBDEDE1AC99B1E004DEEE1 /* lady1.png in Resources */ = {isa = PBXBuildFile; fileRef = 27CBDEC41AC99B1E004DEEE1 /* lady1.png */; };
		27CBDEDF1AC99B1E004DEEE1 /* lady2.png in Resources */ = {isa = PBXBuildFile; fileRef = 27CBDEC51AC99B1E004DEEE1 /* lady2.png */; };
		27CBDEE01AC99B1E004DEEE1 /* lady3.png in Resources */ = {isa = PBXBuildFile; fileRef = 27CBDEC61AC99B1E004DEEE1 /* lady3.png */; };
		27CBDEE11AC99B1E004DEEE1 /* lady4.png in Resources */ = {isa = PBXBuildFile; fileRef = 27CBDEC71AC99B1E004DEEE1 /* lady4.png */; };
		27CBDEE21AC99B1E004DEEE1 /* lady5.png in Resources */ = {isa = PBXBuildFile; fileRef = 27CBDEC81AC99B1E004DEEE1 /* lady5.png */; };
		27CBDEE31AC99B1E004DEEE1 /* lady6.png in Resources */ = {isa = PBXBuildFile; fileRef = 27CBDEC91AC99B1E004DEEE1 /* lady6.png */; };
		27CBDEE41AC99B1E004DEEE1 /* lady7.png in Resources */ = {isa = PBXBuildFile; fileRef = 27CBDECA1AC99B1E004DEEE1 /* lady7.png */; };
		27CBDEE51AC99B1E004DEEE1 /* lady8.png in Resources */ = {isa = PBXBuildFile; fileRef = 27CBDECB1AC99B1E004DEEE1 /* lady8.png */; };
		27CBDEE61AC99B1E004DEEE1 /* lady9.png in Resources */ = {isa = PBXBuildFile; fileRef = 27CBDECC1AC99B1E004DEEE1 /* lady9.png */; };
		27CBDEE71AC99B1E004DEEE1 /* lady10.png in Resources */ = {isa = PBXBuildFile; fileRef = 27CBDECD1AC99B1E004DEEE1 /* lady10.png */; };
		27CBDEE81AC99B1E004DEEE1 /* lady11.png in Resources */ = {isa = PBXBuildFile; fileRef = 27CBDECE1AC99B1E004DEEE1 /* lady11.png */; };
		27CBDEE91AC99B1E004DEEE1 /* lady12.png in Resources */ = {isa = PBXBuildFile; fileRef = 27CBDECF1AC99B1E004DEEE1 /* lady12.png */; };
		27CBDEEA1AC99B1E004DEEE1 /* lady13.png in Resources */ = {isa = PBXBuildFile; fileRef = 27CBDED01AC99B1E004DEEE1 /* lady13.png */; };
		27CBDEEB1AC99B1E004DEEE1 /* lady14.png in Resources */ = {isa = PBXBuildFile; fileRef = 27CBDED11AC99B1E004DEEE1 /* lady14.png */; };
		27CBDEEC1AC99B1E004DEEE1 /* man1.png in Resources */ = {isa = PBXBuildFile; fileRef = 27CBDED21AC99B1E004DEEE1 /* man1.png */; };
		27CBDEED1AC99B1E004DEEE1 /* man2.png in Resources */ = {isa = PBXBuildFile; fileRef = 27CBDED31AC99B1E004DEEE1 /* man2.png */; };
		27CBDEEE1AC99B1E004DEEE1 /* man3.png in Resources */ = {isa = PBXBuildFile; fileRef = 27CBDED41AC99B1E004DEEE1 /* man3.png */; };
		27CBDEEF1AC99B1E004DEEE1 /* man4.png in Resources */ = {isa = PBXBuildFile; fileRef = 27CBDED51AC99B1E004DEEE1 /* man4.png */; };
		27CBDEF01AC99B1E004DEEE1 /* man5.png in Resources */ = {isa = PBXBuildFile; fileRef = 27CBDED61AC99B1E004DEEE1 /* man5.png */; };
		27CBDEF11AC99B1E004DEEE1 /* man6.png in Resources */ = {isa = PBXBuildFile; fileRef = 27CBDED71AC99B1E004DEEE1 /* man6.png */; };
		27CBDEF21AC99B1E004DEEE1 /* man7.png in Resources */ = {isa = PBXBuildFile; fileRef = 27CBDED81AC99B1E004DEEE1 /* man7.png */; };
		27CBDEF31AC99B1E004DEEE1 /* man8.png in Resources */ = {isa = PBXBuildFile; fileRef = 27CBDED91AC99B1E004DEEE1 /* man8.png */; };
		27CBDEF41AC99B1E004DEEE1 /* man9.png in Resources */ = {isa = PBXBuildFile; fileRef = 27CBDEDA1AC99B1E004DEEE1 /* man9.png */; };
		27CBDEF51AC99B1E004DEEE1 /* man10.png in Resources */ = {isa = PBXBuildFile; fileRef = 27CBDEDB1AC99B1E004DEEE1 /* man10.png */; };
		27CBDEF61AC99B1E004DEEE1 /* man11.png in Resources */ = {isa = PBXBuildFile; fileRef = 27CBDEDC1AC99B1E004DEEE1 /* man11.png */; };
		27CBDF011AC9BD99004DEEE1 /* RBMenu.m in Sources */ = {isa = PBXBuildFile; fileRef = 27CBDF001AC9BD99004DEEE1 /* RBMenu.m */; };
		27CBDF071AC9D2B6004DEEE1 /* ArticleViewController.m in Sources */ = {isa = PBXBuildFile; fileRef = 27CBDF061AC9D2B6004DEEE1 /* ArticleViewController.m */; };
		27CBDF101ACB1D72004DEEE1 /* EventsViewController.m in Sources */ = {isa = PBXBuildFile; fileRef = 27CBDF0F1ACB1D72004DEEE1 /* EventsViewController.m */; };
		27CBDF131ACB1E04004DEEE1 /* ILSideScrollView.m in Sources */ = {isa = PBXBuildFile; fileRef = 27CBDF121ACB1E04004DEEE1 /* ILSideScrollView.m */; };
		27CBDF191ACB1EAB004DEEE1 /* ILSideScrollViewItem.m in Sources */ = {isa = PBXBuildFile; fileRef = 27CBDF181ACB1EAB004DEEE1 /* ILSideScrollViewItem.m */; };
		27CBDF1B1ACB721D004DEEE1 /* Aspire-DemiBold.ttf in Resources */ = {isa = PBXBuildFile; fileRef = 27CBDF1A1ACB721D004DEEE1 /* Aspire-DemiBold.ttf */; };
		27CBDF1D1ACB771A004DEEE1 /* cocacolaii.ttf in Resources */ = {isa = PBXBuildFile; fileRef = 27CBDF1C1ACB771A004DEEE1 /* cocacolaii.ttf */; };
		27CBDF1F1ACB7754004DEEE1 /* BANANASP.TTF in Resources */ = {isa = PBXBuildFile; fileRef = 27CBDF1E1ACB7754004DEEE1 /* BANANASP.TTF */; };
		27CBDF371ACB8098004DEEE1 /* Event1.jpg in Resources */ = {isa = PBXBuildFile; fileRef = 27CBDF301ACB8098004DEEE1 /* Event1.jpg */; };
		27CBDF381ACB8098004DEEE1 /* Event2.jpg in Resources */ = {isa = PBXBuildFile; fileRef = 27CBDF311ACB8098004DEEE1 /* Event2.jpg */; };
		27CBDF391ACB8098004DEEE1 /* Event3.jpg in Resources */ = {isa = PBXBuildFile; fileRef = 27CBDF321ACB8098004DEEE1 /* Event3.jpg */; };
		27CBDF3A1ACB8098004DEEE1 /* Event4.jpg in Resources */ = {isa = PBXBuildFile; fileRef = 27CBDF331ACB8098004DEEE1 /* Event4.jpg */; };
		27CBDF3B1ACB8098004DEEE1 /* Event5.jpg in Resources */ = {isa = PBXBuildFile; fileRef = 27CBDF341ACB8098004DEEE1 /* Event5.jpg */; };
		27CBDF3C1ACB8098004DEEE1 /* Event6.jpg in Resources */ = {isa = PBXBuildFile; fileRef = 27CBDF351ACB8098004DEEE1 /* Event6.jpg */; };
		27CBDF3D1ACB8098004DEEE1 /* Event0.jpg in Resources */ = {isa = PBXBuildFile; fileRef = 27CBDF361ACB8098004DEEE1 /* Event0.jpg */; };
		27D3B81B1AC36238000E4ED5 /* placeholder.jpg in Resources */ = {isa = PBXBuildFile; fileRef = 27D3B81A1AC36238000E4ED5 /* placeholder.jpg */; };
		27DE0C301AB9D44000DA0D9C /* JPSThumbnailAnnotation.m in Sources */ = {isa = PBXBuildFile; fileRef = 27DE0C2C1AB9D44000DA0D9C /* JPSThumbnailAnnotation.m */; };
		27DE0C311AB9D44000DA0D9C /* JPSThumbnailAnnotationView.m in Sources */ = {isa = PBXBuildFile; fileRef = 27DE0C2E1AB9D44000DA0D9C /* JPSThumbnailAnnotationView.m */; };
		27DE0C321AB9D44000DA0D9C /* JPSThumnail.m in Sources */ = {isa = PBXBuildFile; fileRef = 27DE0C2F1AB9D44000DA0D9C /* JPSThumnail.m */; };
		27EC53A01AB3F68500CC2A10 /* MHFacebookImageViewer.m in Sources */ = {isa = PBXBuildFile; fileRef = 27EC539C1AB3F68500CC2A10 /* MHFacebookImageViewer.m */; };
		27EC53A11AB3F68500CC2A10 /* Done.png in Resources */ = {isa = PBXBuildFile; fileRef = 27EC539E1AB3F68500CC2A10 /* Done.png */; };
		27EC53A21AB3F68500CC2A10 /* Done@2x.png in Resources */ = {isa = PBXBuildFile; fileRef = 27EC539F1AB3F68500CC2A10 /* Done@2x.png */; };
		27EFDB3C1ACDA45F00C13D94 /* BELSHAW_.TTF in Resources */ = {isa = PBXBuildFile; fileRef = 27EFDB3B1ACDA45F00C13D94 /* BELSHAW_.TTF */; };
		2FC357E59019DA43FFE75718 /* libPods-Drop It!.a in Frameworks */ = {isa = PBXBuildFile; fileRef = 8CF015556396258EBEA913BC /* libPods-Drop It!.a */; };
/* End PBXBuildFile section */

/* Begin PBXContainerItemProxy section */
		27A334881AA63525008188FC /* PBXContainerItemProxy */ = {
			isa = PBXContainerItemProxy;
			containerPortal = 27A334661AA63525008188FC /* Project object */;
			proxyType = 1;
			remoteGlobalIDString = 27A3346D1AA63525008188FC;
			remoteInfo = dROP;
		};
/* End PBXContainerItemProxy section */

/* Begin PBXFileReference section */
		27131FDD1AB5C78100CF23DB /* MapViewController.h */ = {isa = PBXFileReference; fileEncoding = 4; lastKnownFileType = sourcecode.c.h; path = MapViewController.h; sourceTree = "<group>"; };
		27131FDE1AB5C78100CF23DB /* MapViewController.m */ = {isa = PBXFileReference; fileEncoding = 4; lastKnownFileType = sourcecode.c.objc; path = MapViewController.m; sourceTree = "<group>"; };
		27131FFC1AB72E0A00CF23DB /* MapKit.framework */ = {isa = PBXFileReference; lastKnownFileType = wrapper.framework; name = MapKit.framework; path = System/Library/Frameworks/MapKit.framework; sourceTree = SDKROOT; };
		2713200E1AB7669F00CF23DB /* apple.png */ = {isa = PBXFileReference; lastKnownFileType = image.png; path = apple.png; sourceTree = "<group>"; };
		271320111AB7669F00CF23DB /* cherries.png */ = {isa = PBXFileReference; lastKnownFileType = image.png; path = cherries.png; sourceTree = "<group>"; };
		271320121AB7669F00CF23DB /* coconut.png */ = {isa = PBXFileReference; lastKnownFileType = image.png; path = coconut.png; sourceTree = "<group>"; };
		271320131AB7669F00CF23DB /* grapes.png */ = {isa = PBXFileReference; lastKnownFileType = image.png; path = grapes.png; sourceTree = "<group>"; };
		271320141AB7669F00CF23DB /* kiwi.png */ = {isa = PBXFileReference; lastKnownFileType = image.png; path = kiwi.png; sourceTree = "<group>"; };
		271320151AB7669F00CF23DB /* lemon.png */ = {isa = PBXFileReference; lastKnownFileType = image.png; path = lemon.png; sourceTree = "<group>"; };
		271320161AB7669F00CF23DB /* lime.png */ = {isa = PBXFileReference; lastKnownFileType = image.png; path = lime.png; sourceTree = "<group>"; };
		271320181AB7669F00CF23DB /* orange.png */ = {isa = PBXFileReference; lastKnownFileType = image.png; path = orange.png; sourceTree = "<group>"; };
		271320191AB7669F00CF23DB /* peach.png */ = {isa = PBXFileReference; lastKnownFileType = image.png; path = peach.png; sourceTree = "<group>"; };
		2713201A1AB7669F00CF23DB /* strawberry.png */ = {isa = PBXFileReference; lastKnownFileType = image.png; path = strawberry.png; sourceTree = "<group>"; };
		2713201B1AB7669F00CF23DB /* watermelon.png */ = {isa = PBXFileReference; lastKnownFileType = image.png; path = watermelon.png; sourceTree = "<group>"; };
		2713202A1AB76BB800CF23DB /* peach2.png */ = {isa = PBXFileReference; lastKnownFileType = image.png; path = peach2.png; sourceTree = "<group>"; };
		2713202C1AB76E2E00CF23DB /* apple2.png */ = {isa = PBXFileReference; lastKnownFileType = image.png; path = apple2.png; sourceTree = "<group>"; };
		2713202E1AB76E3500CF23DB /* banana2.png */ = {isa = PBXFileReference; lastKnownFileType = image.png; path = banana2.png; sourceTree = "<group>"; };
		271320301AB76E3B00CF23DB /* grapes2.png */ = {isa = PBXFileReference; lastKnownFileType = image.png; path = grapes2.png; sourceTree = "<group>"; };
		271320321AB76E4300CF23DB /* orange2.png */ = {isa = PBXFileReference; lastKnownFileType = image.png; path = orange2.png; sourceTree = "<group>"; };
		271320341AB76E7100CF23DB /* papaya.png */ = {isa = PBXFileReference; lastKnownFileType = image.png; path = papaya.png; sourceTree = "<group>"; };
		271320351AB76E7100CF23DB /* pineapple.png */ = {isa = PBXFileReference; lastKnownFileType = image.png; path = pineapple.png; sourceTree = "<group>"; };
		271320361AB76E7100CF23DB /* strawberry2.png */ = {isa = PBXFileReference; lastKnownFileType = image.png; path = strawberry2.png; sourceTree = "<group>"; };
		271320371AB76E7100CF23DB /* watermelon2.png */ = {isa = PBXFileReference; lastKnownFileType = image.png; path = watermelon2.png; sourceTree = "<group>"; };
		2713203C1AB76E9200CF23DB /* peach2.png */ = {isa = PBXFileReference; lastKnownFileType = image.png; path = peach2.png; sourceTree = "<group>"; };
		2713203E1AB77AA800CF23DB /* MapPostViewController.h */ = {isa = PBXFileReference; fileEncoding = 4; lastKnownFileType = sourcecode.c.h; path = MapPostViewController.h; sourceTree = "<group>"; };
		2713203F1AB77AA800CF23DB /* MapPostViewController.m */ = {isa = PBXFileReference; fileEncoding = 4; lastKnownFileType = sourcecode.c.objc; path = MapPostViewController.m; sourceTree = "<group>"; };
		272925071ABB7C0800A271D4 /* AdSupport.framework */ = {isa = PBXFileReference; lastKnownFileType = wrapper.framework; name = AdSupport.framework; path = System/Library/Frameworks/AdSupport.framework; sourceTree = SDKROOT; };
		272925091ABB7C1300A271D4 /* CoreTelephony.framework */ = {isa = PBXFileReference; lastKnownFileType = wrapper.framework; name = CoreTelephony.framework; path = System/Library/Frameworks/CoreTelephony.framework; sourceTree = SDKROOT; };
		2729251B1ABC59AB00A271D4 /* ColouredTableViewCell.h */ = {isa = PBXFileReference; fileEncoding = 4; lastKnownFileType = sourcecode.c.h; path = ColouredTableViewCell.h; sourceTree = "<group>"; };
		2729251C1ABC59AB00A271D4 /* ColouredTableViewCell.m */ = {isa = PBXFileReference; fileEncoding = 4; lastKnownFileType = sourcecode.c.objc; path = ColouredTableViewCell.m; sourceTree = "<group>"; };
		2729251E1ABC692A00A271D4 /* DITableViewCell.h */ = {isa = PBXFileReference; fileEncoding = 4; lastKnownFileType = sourcecode.c.h; path = DITableViewCell.h; sourceTree = "<group>"; };
		2729251F1ABC692A00A271D4 /* DITableViewCell.m */ = {isa = PBXFileReference; fileEncoding = 4; lastKnownFileType = sourcecode.c.objc; path = DITableViewCell.m; sourceTree = "<group>"; };
		273E1AC31AB0B13200D41694 /* TimelineTableViewCell.h */ = {isa = PBXFileReference; fileEncoding = 4; lastKnownFileType = sourcecode.c.h; path = TimelineTableViewCell.h; sourceTree = "<group>"; };
		273E1AC41AB0B13200D41694 /* TimelineTableViewCell.m */ = {isa = PBXFileReference; fileEncoding = 4; lastKnownFileType = sourcecode.c.objc; path = TimelineTableViewCell.m; sourceTree = "<group>"; };
		273E421E1ACC32030048964B /* LeftPanelViewController.h */ = {isa = PBXFileReference; fileEncoding = 4; lastKnownFileType = sourcecode.c.h; path = LeftPanelViewController.h; sourceTree = "<group>"; };
		273E42221ACC328D0048964B /* LeftPanelViewController.m */ = {isa = PBXFileReference; fileEncoding = 4; lastKnownFileType = sourcecode.c.objc; path = LeftPanelViewController.m; sourceTree = "<group>"; };
		273E42241ACC336E0048964B /* TableViewItem.h */ = {isa = PBXFileReference; fileEncoding = 4; lastKnownFileType = sourcecode.c.h; path = TableViewItem.h; sourceTree = "<group>"; };
		273E42251ACC336E0048964B /* TableViewItem.m */ = {isa = PBXFileReference; fileEncoding = 4; lastKnownFileType = sourcecode.c.objc; path = TableViewItem.m; sourceTree = "<group>"; };
		273E422A1ACC33850048964B /* TableViewSection.h */ = {isa = PBXFileReference; fileEncoding = 4; lastKnownFileType = sourcecode.c.h; path = TableViewSection.h; sourceTree = "<group>"; };
		273E422B1ACC33850048964B /* TableViewSection.m */ = {isa = PBXFileReference; fileEncoding = 4; lastKnownFileType = sourcecode.c.objc; path = TableViewSection.m; sourceTree = "<group>"; };
		273E422E1ACC36EA0048964B /* MenuTableViewController.h */ = {isa = PBXFileReference; fileEncoding = 4; lastKnownFileType = sourcecode.c.h; path = MenuTableViewController.h; sourceTree = "<group>"; };
		273E422F1ACC36EA0048964B /* MenuTableViewController.m */ = {isa = PBXFileReference; fileEncoding = 4; lastKnownFileType = sourcecode.c.objc; path = MenuTableViewController.m; sourceTree = "<group>"; };
		2748CB921ACC7AA2004D4A5E /* Club1.jpg */ = {isa = PBXFileReference; lastKnownFileType = image.jpeg; path = Club1.jpg; sourceTree = "<group>"; };
		2748CB931ACC7AA2004D4A5E /* Club2.jpg */ = {isa = PBXFileReference; lastKnownFileType = image.jpeg; path = Club2.jpg; sourceTree = "<group>"; };
		2748CB941ACC7AA2004D4A5E /* Club3.jpg */ = {isa = PBXFileReference; lastKnownFileType = image.jpeg; path = Club3.jpg; sourceTree = "<group>"; };
		2748CB971ACC7AA2004D4A5E /* Club6.jpg */ = {isa = PBXFileReference; lastKnownFileType = image.jpeg; path = Club6.jpg; sourceTree = "<group>"; };
		2748CB981ACC7AA2004D4A5E /* Club0.jpg */ = {isa = PBXFileReference; lastKnownFileType = image.jpeg; path = Club0.jpg; sourceTree = "<group>"; };
		2748CBA01ACC7B1D004D4A5E /* Club4.jpg */ = {isa = PBXFileReference; lastKnownFileType = image.jpeg; path = Club4.jpg; sourceTree = "<group>"; };
		2748CBA21ACC7B4D004D4A5E /* Club5.jpg */ = {isa = PBXFileReference; lastKnownFileType = image.jpeg; path = Club5.jpg; sourceTree = "<group>"; };
		274C88201AC0780B00C8FB72 /* AvocarrotSDK.framework */ = {isa = PBXFileReference; lastKnownFileType = wrapper.framework; path = AvocarrotSDK.framework; sourceTree = "<group>"; };
		277170481AD039DC00AFF514 /* DEMOLeftMenuViewController.h */ = {isa = PBXFileReference; fileEncoding = 4; lastKnownFileType = sourcecode.c.h; path = DEMOLeftMenuViewController.h; sourceTree = "<group>"; };
		277170491AD039DC00AFF514 /* DEMOLeftMenuViewController.m */ = {isa = PBXFileReference; fileEncoding = 4; lastKnownFileType = sourcecode.c.objc; path = DEMOLeftMenuViewController.m; sourceTree = "<group>"; };
		2775C46E1AC3437A00B19772 /* ProfileTableViewCell.h */ = {isa = PBXFileReference; fileEncoding = 4; lastKnownFileType = sourcecode.c.h; path = ProfileTableViewCell.h; sourceTree = "<group>"; };
		2775C46F1AC3437A00B19772 /* ProfileTableViewCell.m */ = {isa = PBXFileReference; fileEncoding = 4; lastKnownFileType = sourcecode.c.objc; path = ProfileTableViewCell.m; sourceTree = "<group>"; };
		2778CFC71AB9181600DD30CE /* RTSpinKitView.h */ = {isa = PBXFileReference; fileEncoding = 4; lastKnownFileType = sourcecode.c.h; path = RTSpinKitView.h; sourceTree = "<group>"; };
		2778CFC81AB9181600DD30CE /* RTSpinKitView.m */ = {isa = PBXFileReference; fileEncoding = 4; lastKnownFileType = sourcecode.c.objc; path = RTSpinKitView.m; sourceTree = "<group>"; };
		278CF7381AACFD0E00A13D4B /* ProfileViewController.h */ = {isa = PBXFileReference; fileEncoding = 4; lastKnownFileType = sourcecode.c.h; path = ProfileViewController.h; sourceTree = "<group>"; };
		278CF7391AACFD0E00A13D4B /* ProfileViewController.m */ = {isa = PBXFileReference; fileEncoding = 4; lastKnownFileType = sourcecode.c.objc; path = ProfileViewController.m; sourceTree = "<group>"; };
		278CF7421AAD2EDF00A13D4B /* Reachability.h */ = {isa = PBXFileReference; fileEncoding = 4; lastKnownFileType = sourcecode.c.h; path = Reachability.h; sourceTree = "<group>"; };
		278CF7431AAD2EDF00A13D4B /* Reachability.m */ = {isa = PBXFileReference; fileEncoding = 4; lastKnownFileType = sourcecode.c.objc; path = Reachability.m; sourceTree = "<group>"; };
		278CF74E1AAD409600A13D4B /* AVFoundation.framework */ = {isa = PBXFileReference; lastKnownFileType = wrapper.framework; name = AVFoundation.framework; path = System/Library/Frameworks/AVFoundation.framework; sourceTree = SDKROOT; };
		278CF78C1AAE49EA00A13D4B /* InfoViewController.h */ = {isa = PBXFileReference; fileEncoding = 4; lastKnownFileType = sourcecode.c.h; path = InfoViewController.h; sourceTree = "<group>"; };
		278CF78D1AAE49EA00A13D4B /* InfoViewController.m */ = {isa = PBXFileReference; fileEncoding = 4; lastKnownFileType = sourcecode.c.objc; path = InfoViewController.m; sourceTree = "<group>"; };
		279850101AD2C99E00E4CAF7 /* DIMethods.h */ = {isa = PBXFileReference; fileEncoding = 4; lastKnownFileType = sourcecode.c.h; path = DIMethods.h; sourceTree = "<group>"; };
		279850111AD2C99E00E4CAF7 /* DIMethods.m */ = {isa = PBXFileReference; fileEncoding = 4; lastKnownFileType = sourcecode.c.objc; path = DIMethods.m; sourceTree = "<group>"; };
		279DA5E11AC757D100591B4C /* strawberry3.png */ = {isa = PBXFileReference; lastKnownFileType = image.png; path = strawberry3.png; sourceTree = "<group>"; };
		279DA5E61AC8709400591B4C /* ArticlesTableViewController.h */ = {isa = PBXFileReference; fileEncoding = 4; lastKnownFileType = sourcecode.c.h; path = ArticlesTableViewController.h; sourceTree = "<group>"; };
		279DA5E71AC8709400591B4C /* ArticlesTableViewController.m */ = {isa = PBXFileReference; fileEncoding = 4; lastKnownFileType = sourcecode.c.objc; path = ArticlesTableViewController.m; sourceTree = "<group>"; };
		279DA5E91AC874ED00591B4C /* ArticleHeaderView.h */ = {isa = PBXFileReference; fileEncoding = 4; lastKnownFileType = sourcecode.c.h; path = ArticleHeaderView.h; sourceTree = "<group>"; };
		279DA5EA1AC874ED00591B4C /* ArticleHeaderView.m */ = {isa = PBXFileReference; fileEncoding = 4; lastKnownFileType = sourcecode.c.objc; path = ArticleHeaderView.m; sourceTree = "<group>"; };
		279DA5EC1AC8751F00591B4C /* ArticleTableViewCell.h */ = {isa = PBXFileReference; fileEncoding = 4; lastKnownFileType = sourcecode.c.h; path = ArticleTableViewCell.h; sourceTree = "<group>"; };
		279DA5ED1AC8751F00591B4C /* ArticleTableViewCell.m */ = {isa = PBXFileReference; fileEncoding = 4; lastKnownFileType = sourcecode.c.objc; path = ArticleTableViewCell.m; sourceTree = "<group>"; };
		279DA5F01AC88F1A00591B4C /* 3date.jpeg */ = {isa = PBXFileReference; lastKnownFileType = image.jpeg; path = 3date.jpeg; sourceTree = "<group>"; };
		279DA5F11AC88F1A00591B4C /* byob.jpeg */ = {isa = PBXFileReference; lastKnownFileType = image.jpeg; path = byob.jpeg; sourceTree = "<group>"; };
		279DA5F21AC88F1A00591B4C /* no.jpg */ = {isa = PBXFileReference; lastKnownFileType = image.jpeg; path = no.jpg; sourceTree = "<group>"; };
		279DA5F61AC88F9600591B4C /* food.png */ = {isa = PBXFileReference; lastKnownFileType = image.png; path = food.png; sourceTree = "<group>"; };
		279DA5F81AC8905200591B4C /* gym.jpeg */ = {isa = PBXFileReference; lastKnownFileType = image.jpeg; path = gym.jpeg; sourceTree = "<group>"; };
		279DA5FA1AC8926900591B4C /* lovingdublin.png */ = {isa = PBXFileReference; lastKnownFileType = image.png; path = lovingdublin.png; sourceTree = "<group>"; };
		279DA5FB1AC8926900591B4C /* collegetimes.png */ = {isa = PBXFileReference; lastKnownFileType = image.png; path = collegetimes.png; sourceTree = "<group>"; };
		27A3346E1AA63525008188FC /* Drop It!.app */ = {isa = PBXFileReference; explicitFileType = wrapper.application; includeInIndex = 0; path = "Drop It!.app"; sourceTree = BUILT_PRODUCTS_DIR; };
		27A334721AA63525008188FC /* Info.plist */ = {isa = PBXFileReference; lastKnownFileType = text.plist.xml; path = Info.plist; sourceTree = "<group>"; };
		27A334731AA63525008188FC /* main.m */ = {isa = PBXFileReference; lastKnownFileType = sourcecode.c.objc; path = main.m; sourceTree = "<group>"; };
		27A334751AA63525008188FC /* AppDelegate.h */ = {isa = PBXFileReference; lastKnownFileType = sourcecode.c.h; path = AppDelegate.h; sourceTree = "<group>"; };
		27A334761AA63525008188FC /* AppDelegate.m */ = {isa = PBXFileReference; lastKnownFileType = sourcecode.c.objc; path = AppDelegate.m; sourceTree = "<group>"; };
		27A3347E1AA63525008188FC /* Images.xcassets */ = {isa = PBXFileReference; lastKnownFileType = folder.assetcatalog; path = Images.xcassets; sourceTree = "<group>"; };
		27A334871AA63525008188FC /* Drop It!Tests.xctest */ = {isa = PBXFileReference; explicitFileType = wrapper.cfbundle; includeInIndex = 0; path = "Drop It!Tests.xctest"; sourceTree = BUILT_PRODUCTS_DIR; };
		27A3348C1AA63525008188FC /* Info.plist */ = {isa = PBXFileReference; lastKnownFileType = text.plist.xml; path = Info.plist; sourceTree = "<group>"; };
		27A3348D1AA63525008188FC /* DropItTests.m */ = {isa = PBXFileReference; lastKnownFileType = sourcecode.c.objc; path = DropItTests.m; sourceTree = "<group>"; };
		27A334971AA6367F008188FC /* HomeTableViewController.h */ = {isa = PBXFileReference; fileEncoding = 4; lastKnownFileType = sourcecode.c.h; path = HomeTableViewController.h; sourceTree = "<group>"; };
		27A334981AA6367F008188FC /* HomeTableViewController.m */ = {isa = PBXFileReference; fileEncoding = 4; lastKnownFileType = sourcecode.c.objc; path = HomeTableViewController.m; sourceTree = "<group>"; };
		27B404191AA64057007DC137 /* PostTextTableViewCell.h */ = {isa = PBXFileReference; fileEncoding = 4; lastKnownFileType = sourcecode.c.h; path = PostTextTableViewCell.h; sourceTree = "<group>"; };
		27B4041A1AA64057007DC137 /* PostTextTableViewCell.m */ = {isa = PBXFileReference; fileEncoding = 4; lastKnownFileType = sourcecode.c.objc; path = PostTextTableViewCell.m; sourceTree = "<group>"; };
		27B404381AA6605E007DC137 /* Config.h */ = {isa = PBXFileReference; lastKnownFileType = sourcecode.c.h; path = Config.h; sourceTree = "<group>"; };
		27B4043F1AA66744007DC137 /* CoverPhotoPH.JPG */ = {isa = PBXFileReference; lastKnownFileType = image.jpeg; path = CoverPhotoPH.JPG; sourceTree = "<group>"; };
		27B404411AA77B57007DC137 /* AddPostViewController.h */ = {isa = PBXFileReference; fileEncoding = 4; lastKnownFileType = sourcecode.c.h; path = AddPostViewController.h; sourceTree = "<group>"; };
		27B404421AA77B57007DC137 /* AddPostViewController.m */ = {isa = PBXFileReference; fileEncoding = 4; lastKnownFileType = sourcecode.c.objc; path = AddPostViewController.m; sourceTree = "<group>"; };
		27B404641AA8AC2F007DC137 /* AudioToolbox.framework */ = {isa = PBXFileReference; lastKnownFileType = wrapper.framework; name = AudioToolbox.framework; path = System/Library/Frameworks/AudioToolbox.framework; sourceTree = SDKROOT; };
		27B404661AA8AC36007DC137 /* CFNetwork.framework */ = {isa = PBXFileReference; lastKnownFileType = wrapper.framework; name = CFNetwork.framework; path = System/Library/Frameworks/CFNetwork.framework; sourceTree = SDKROOT; };
		27B404681AA8AC44007DC137 /* CoreGraphics.framework */ = {isa = PBXFileReference; lastKnownFileType = wrapper.framework; name = CoreGraphics.framework; path = System/Library/Frameworks/CoreGraphics.framework; sourceTree = SDKROOT; };
		27B404691AA8AC44007DC137 /* CoreLocation.framework */ = {isa = PBXFileReference; lastKnownFileType = wrapper.framework; name = CoreLocation.framework; path = System/Library/Frameworks/CoreLocation.framework; sourceTree = SDKROOT; };
		27B4046A1AA8AC44007DC137 /* MobileCoreServices.framework */ = {isa = PBXFileReference; lastKnownFileType = wrapper.framework; name = MobileCoreServices.framework; path = System/Library/Frameworks/MobileCoreServices.framework; sourceTree = SDKROOT; };
		27B4046B1AA8AC44007DC137 /* QuartzCore.framework */ = {isa = PBXFileReference; lastKnownFileType = wrapper.framework; name = QuartzCore.framework; path = System/Library/Frameworks/QuartzCore.framework; sourceTree = SDKROOT; };
		27B404701AA8AC49007DC137 /* Security.framework */ = {isa = PBXFileReference; lastKnownFileType = wrapper.framework; name = Security.framework; path = System/Library/Frameworks/Security.framework; sourceTree = SDKROOT; };
		27B404721AA8AC4E007DC137 /* StoreKit.framework */ = {isa = PBXFileReference; lastKnownFileType = wrapper.framework; name = StoreKit.framework; path = System/Library/Frameworks/StoreKit.framework; sourceTree = SDKROOT; };
		27B404741AA8AC57007DC137 /* SystemConfiguration.framework */ = {isa = PBXFileReference; lastKnownFileType = wrapper.framework; name = SystemConfiguration.framework; path = System/Library/Frameworks/SystemConfiguration.framework; sourceTree = SDKROOT; };
		27B404761AA8AC6D007DC137 /* libsqlite3.dylib */ = {isa = PBXFileReference; lastKnownFileType = "compiled.mach-o.dylib"; name = libsqlite3.dylib; path = usr/lib/libsqlite3.dylib; sourceTree = SDKROOT; };
		27B404771AA8AC6D007DC137 /* libz.dylib */ = {isa = PBXFileReference; lastKnownFileType = "compiled.mach-o.dylib"; name = libz.dylib; path = usr/lib/libz.dylib; sourceTree = SDKROOT; };
		27B4047C1AA8ACF2007DC137 /* Parse.framework */ = {isa = PBXFileReference; lastKnownFileType = wrapper.framework; path = Parse.framework; sourceTree = "<group>"; };
		27B4047E1AA8ACF2007DC137 /* ParseFacebookUtils.framework */ = {isa = PBXFileReference; lastKnownFileType = wrapper.framework; path = ParseFacebookUtils.framework; sourceTree = "<group>"; };
		27B4047F1AA8ACF2007DC137 /* ParseUI.framework */ = {isa = PBXFileReference; lastKnownFileType = wrapper.framework; path = ParseUI.framework; sourceTree = "<group>"; };
		27B404851AA8AD64007DC137 /* Social.framework */ = {isa = PBXFileReference; lastKnownFileType = wrapper.framework; name = Social.framework; path = System/Library/Frameworks/Social.framework; sourceTree = SDKROOT; };
		27B404871AA8AD8D007DC137 /* FacebookSDK.framework */ = {isa = PBXFileReference; lastKnownFileType = wrapper.framework; name = FacebookSDK.framework; path = dROP/FacebookSDK.framework; sourceTree = "<group>"; };
		27B404891AA8ADBD007DC137 /* Accounts.framework */ = {isa = PBXFileReference; lastKnownFileType = wrapper.framework; name = Accounts.framework; path = System/Library/Frameworks/Accounts.framework; sourceTree = SDKROOT; };
		27B4048E1AA8EDD1007DC137 /* Config.m */ = {isa = PBXFileReference; fileEncoding = 4; lastKnownFileType = sourcecode.c.objc; path = Config.m; sourceTree = "<group>"; };
		27B404A01AA9F3FF007DC137 /* ViewPostTableViewController.h */ = {isa = PBXFileReference; fileEncoding = 4; lastKnownFileType = sourcecode.c.h; path = ViewPostTableViewController.h; sourceTree = "<group>"; };
		27B404A11AA9F3FF007DC137 /* ViewPostTableViewController.m */ = {isa = PBXFileReference; fileEncoding = 4; lastKnownFileType = sourcecode.c.objc; path = ViewPostTableViewController.m; sourceTree = "<group>"; };
		27B404D61AAB9570007DC137 /* LPlaceholderTextView.m */ = {isa = PBXFileReference; fileEncoding = 4; lastKnownFileType = sourcecode.c.objc; path = LPlaceholderTextView.m; sourceTree = "<group>"; };
		27B404D71AAB9570007DC137 /* LPlaceholderTextView.h */ = {isa = PBXFileReference; fileEncoding = 4; lastKnownFileType = sourcecode.c.h; path = LPlaceholderTextView.h; sourceTree = "<group>"; };
		27B404D91AABBEEC007DC137 /* CommentTableViewCell.h */ = {isa = PBXFileReference; fileEncoding = 4; lastKnownFileType = sourcecode.c.h; path = CommentTableViewCell.h; sourceTree = "<group>"; };
		27B404DA1AABBEEC007DC137 /* CommentTableViewCell.m */ = {isa = PBXFileReference; fileEncoding = 4; lastKnownFileType = sourcecode.c.objc; path = CommentTableViewCell.m; sourceTree = "<group>"; };
		27B96A8D1AAFBA4900AC4120 /* ABCIntroView.h */ = {isa = PBXFileReference; fileEncoding = 4; lastKnownFileType = sourcecode.c.h; path = ABCIntroView.h; sourceTree = "<group>"; };
		27B96A8E1AAFBA4900AC4120 /* ABCIntroView.m */ = {isa = PBXFileReference; fileEncoding = 4; lastKnownFileType = sourcecode.c.objc; path = ABCIntroView.m; sourceTree = "<group>"; };
		27B96A8F1AAFBA4900AC4120 /* Add.png */ = {isa = PBXFileReference; lastKnownFileType = image.png; path = Add.png; sourceTree = "<group>"; };
		27B96A901AAFBA4900AC4120 /* Comment.png */ = {isa = PBXFileReference; lastKnownFileType = image.png; path = Comment.png; sourceTree = "<group>"; };
		27B96A911AAFBA4900AC4120 /* Dislike.png */ = {isa = PBXFileReference; lastKnownFileType = image.png; path = Dislike.png; sourceTree = "<group>"; };
		27B96A921AAFBA4900AC4120 /* Profile.png */ = {isa = PBXFileReference; lastKnownFileType = image.png; path = Profile.png; sourceTree = "<group>"; };
		27B96A931AAFBA4900AC4120 /* Time.png */ = {isa = PBXFileReference; lastKnownFileType = image.png; path = Time.png; sourceTree = "<group>"; };
		27B96AA11AAFBD1300AC4120 /* MCSwipeTableViewCell.h */ = {isa = PBXFileReference; fileEncoding = 4; lastKnownFileType = sourcecode.c.h; path = MCSwipeTableViewCell.h; sourceTree = "<group>"; };
		27B96AA21AAFBD1300AC4120 /* MCSwipeTableViewCell.m */ = {isa = PBXFileReference; fileEncoding = 4; lastKnownFileType = sourcecode.c.objc; path = MCSwipeTableViewCell.m; sourceTree = "<group>"; };
		27B96AA41AAFBD5C00AC4120 /* cross.png */ = {isa = PBXFileReference; lastKnownFileType = image.png; path = cross.png; sourceTree = "<group>"; };
		27B96AA51AAFBD5C00AC4120 /* cross@2x.png */ = {isa = PBXFileReference; lastKnownFileType = image.png; path = "cross@2x.png"; sourceTree = "<group>"; };
		27B96AA81AAFBD7400AC4120 /* CCMBorderView.h */ = {isa = PBXFileReference; fileEncoding = 4; lastKnownFileType = sourcecode.c.h; path = CCMBorderView.h; sourceTree = "<group>"; };
		27B96AA91AAFBD7400AC4120 /* CCMBorderView.m */ = {isa = PBXFileReference; fileEncoding = 4; lastKnownFileType = sourcecode.c.objc; path = CCMBorderView.m; sourceTree = "<group>"; };
		27B96AAE1AB00ED600AC4120 /* Blue-Blurry-Desktop-Background.jpg */ = {isa = PBXFileReference; lastKnownFileType = image.jpeg; name = "Blue-Blurry-Desktop-Background.jpg"; path = "Intro_Screen_Background.imageset/Blue-Blurry-Desktop-Background.jpg"; sourceTree = "<group>"; };
		27CBDEC31AC99B1E004DEEE1 /* .DS_Store */ = {isa = PBXFileReference; lastKnownFileType = file; path = .DS_Store; sourceTree = "<group>"; };
		27CBDEC41AC99B1E004DEEE1 /* lady1.png */ = {isa = PBXFileReference; lastKnownFileType = image.png; path = lady1.png; sourceTree = "<group>"; };
		27CBDEC51AC99B1E004DEEE1 /* lady2.png */ = {isa = PBXFileReference; lastKnownFileType = image.png; path = lady2.png; sourceTree = "<group>"; };
		27CBDEC61AC99B1E004DEEE1 /* lady3.png */ = {isa = PBXFileReference; lastKnownFileType = image.png; path = lady3.png; sourceTree = "<group>"; };
		27CBDEC71AC99B1E004DEEE1 /* lady4.png */ = {isa = PBXFileReference; lastKnownFileType = image.png; path = lady4.png; sourceTree = "<group>"; };
		27CBDEC81AC99B1E004DEEE1 /* lady5.png */ = {isa = PBXFileReference; lastKnownFileType = image.png; path = lady5.png; sourceTree = "<group>"; };
		27CBDEC91AC99B1E004DEEE1 /* lady6.png */ = {isa = PBXFileReference; lastKnownFileType = image.png; path = lady6.png; sourceTree = "<group>"; };
		27CBDECA1AC99B1E004DEEE1 /* lady7.png */ = {isa = PBXFileReference; lastKnownFileType = image.png; path = lady7.png; sourceTree = "<group>"; };
		27CBDECB1AC99B1E004DEEE1 /* lady8.png */ = {isa = PBXFileReference; lastKnownFileType = image.png; path = lady8.png; sourceTree = "<group>"; };
		27CBDECC1AC99B1E004DEEE1 /* lady9.png */ = {isa = PBXFileReference; lastKnownFileType = image.png; path = lady9.png; sourceTree = "<group>"; };
		27CBDECD1AC99B1E004DEEE1 /* lady10.png */ = {isa = PBXFileReference; lastKnownFileType = image.png; path = lady10.png; sourceTree = "<group>"; };
		27CBDECE1AC99B1E004DEEE1 /* lady11.png */ = {isa = PBXFileReference; lastKnownFileType = image.png; path = lady11.png; sourceTree = "<group>"; };
		27CBDECF1AC99B1E004DEEE1 /* lady12.png */ = {isa = PBXFileReference; lastKnownFileType = image.png; path = lady12.png; sourceTree = "<group>"; };
		27CBDED01AC99B1E004DEEE1 /* lady13.png */ = {isa = PBXFileReference; lastKnownFileType = image.png; path = lady13.png; sourceTree = "<group>"; };
		27CBDED11AC99B1E004DEEE1 /* lady14.png */ = {isa = PBXFileReference; lastKnownFileType = image.png; path = lady14.png; sourceTree = "<group>"; };
		27CBDED21AC99B1E004DEEE1 /* man1.png */ = {isa = PBXFileReference; lastKnownFileType = image.png; path = man1.png; sourceTree = "<group>"; };
		27CBDED31AC99B1E004DEEE1 /* man2.png */ = {isa = PBXFileReference; lastKnownFileType = image.png; path = man2.png; sourceTree = "<group>"; };
		27CBDED41AC99B1E004DEEE1 /* man3.png */ = {isa = PBXFileReference; lastKnownFileType = image.png; path = man3.png; sourceTree = "<group>"; };
		27CBDED51AC99B1E004DEEE1 /* man4.png */ = {isa = PBXFileReference; lastKnownFileType = image.png; path = man4.png; sourceTree = "<group>"; };
		27CBDED61AC99B1E004DEEE1 /* man5.png */ = {isa = PBXFileReference; lastKnownFileType = image.png; path = man5.png; sourceTree = "<group>"; };
		27CBDED71AC99B1E004DEEE1 /* man6.png */ = {isa = PBXFileReference; lastKnownFileType = image.png; path = man6.png; sourceTree = "<group>"; };
		27CBDED81AC99B1E004DEEE1 /* man7.png */ = {isa = PBXFileReference; lastKnownFileType = image.png; path = man7.png; sourceTree = "<group>"; };
		27CBDED91AC99B1E004DEEE1 /* man8.png */ = {isa = PBXFileReference; lastKnownFileType = image.png; path = man8.png; sourceTree = "<group>"; };
		27CBDEDA1AC99B1E004DEEE1 /* man9.png */ = {isa = PBXFileReference; lastKnownFileType = image.png; path = man9.png; sourceTree = "<group>"; };
		27CBDEDB1AC99B1E004DEEE1 /* man10.png */ = {isa = PBXFileReference; lastKnownFileType = image.png; path = man10.png; sourceTree = "<group>"; };
		27CBDEDC1AC99B1E004DEEE1 /* man11.png */ = {isa = PBXFileReference; lastKnownFileType = image.png; path = man11.png; sourceTree = "<group>"; };
		27CBDEFF1AC9BD99004DEEE1 /* RBMenu.h */ = {isa = PBXFileReference; fileEncoding = 4; lastKnownFileType = sourcecode.c.h; path = RBMenu.h; sourceTree = "<group>"; };
		27CBDF001AC9BD99004DEEE1 /* RBMenu.m */ = {isa = PBXFileReference; fileEncoding = 4; lastKnownFileType = sourcecode.c.objc; path = RBMenu.m; sourceTree = "<group>"; };
		27CBDF051AC9D2B6004DEEE1 /* ArticleViewController.h */ = {isa = PBXFileReference; fileEncoding = 4; lastKnownFileType = sourcecode.c.h; path = ArticleViewController.h; sourceTree = "<group>"; };
		27CBDF061AC9D2B6004DEEE1 /* ArticleViewController.m */ = {isa = PBXFileReference; fileEncoding = 4; lastKnownFileType = sourcecode.c.objc; path = ArticleViewController.m; sourceTree = "<group>"; };
		27CBDF0E1ACB1D72004DEEE1 /* EventsViewController.h */ = {isa = PBXFileReference; fileEncoding = 4; lastKnownFileType = sourcecode.c.h; path = EventsViewController.h; sourceTree = "<group>"; };
		27CBDF0F1ACB1D72004DEEE1 /* EventsViewController.m */ = {isa = PBXFileReference; fileEncoding = 4; lastKnownFileType = sourcecode.c.objc; path = EventsViewController.m; sourceTree = "<group>"; };
		27CBDF111ACB1E04004DEEE1 /* ILSideScrollView.h */ = {isa = PBXFileReference; fileEncoding = 4; lastKnownFileType = sourcecode.c.h; path = ILSideScrollView.h; sourceTree = "<group>"; };
		27CBDF121ACB1E04004DEEE1 /* ILSideScrollView.m */ = {isa = PBXFileReference; fileEncoding = 4; lastKnownFileType = sourcecode.c.objc; path = ILSideScrollView.m; sourceTree = "<group>"; };
		27CBDF171ACB1EAB004DEEE1 /* ILSideScrollViewItem.h */ = {isa = PBXFileReference; fileEncoding = 4; lastKnownFileType = sourcecode.c.h; path = ILSideScrollViewItem.h; sourceTree = "<group>"; };
		27CBDF181ACB1EAB004DEEE1 /* ILSideScrollViewItem.m */ = {isa = PBXFileReference; fileEncoding = 4; lastKnownFileType = sourcecode.c.objc; path = ILSideScrollViewItem.m; sourceTree = "<group>"; };
		27CBDF1A1ACB721D004DEEE1 /* Aspire-DemiBold.ttf */ = {isa = PBXFileReference; lastKnownFileType = file; path = "Aspire-DemiBold.ttf"; sourceTree = "<group>"; };
		27CBDF1C1ACB771A004DEEE1 /* cocacolaii.ttf */ = {isa = PBXFileReference; lastKnownFileType = file; path = cocacolaii.ttf; sourceTree = "<group>"; };
		27CBDF1E1ACB7754004DEEE1 /* BANANASP.TTF */ = {isa = PBXFileReference; lastKnownFileType = file; path = BANANASP.TTF; sourceTree = "<group>"; };
		27CBDF301ACB8098004DEEE1 /* Event1.jpg */ = {isa = PBXFileReference; lastKnownFileType = image.jpeg; path = Event1.jpg; sourceTree = "<group>"; };
		27CBDF311ACB8098004DEEE1 /* Event2.jpg */ = {isa = PBXFileReference; lastKnownFileType = image.jpeg; path = Event2.jpg; sourceTree = "<group>"; };
		27CBDF321ACB8098004DEEE1 /* Event3.jpg */ = {isa = PBXFileReference; lastKnownFileType = image.jpeg; path = Event3.jpg; sourceTree = "<group>"; };
		27CBDF331ACB8098004DEEE1 /* Event4.jpg */ = {isa = PBXFileReference; lastKnownFileType = image.jpeg; path = Event4.jpg; sourceTree = "<group>"; };
		27CBDF341ACB8098004DEEE1 /* Event5.jpg */ = {isa = PBXFileReference; lastKnownFileType = image.jpeg; path = Event5.jpg; sourceTree = "<group>"; };
		27CBDF351ACB8098004DEEE1 /* Event6.jpg */ = {isa = PBXFileReference; lastKnownFileType = image.jpeg; path = Event6.jpg; sourceTree = "<group>"; };
		27CBDF361ACB8098004DEEE1 /* Event0.jpg */ = {isa = PBXFileReference; lastKnownFileType = image.jpeg; path = Event0.jpg; sourceTree = "<group>"; };
		27D3B81A1AC36238000E4ED5 /* placeholder.jpg */ = {isa = PBXFileReference; lastKnownFileType = image.jpeg; path = placeholder.jpg; sourceTree = "<group>"; };
		27DE0C2A1AB9D44000DA0D9C /* JPSThumbnail.h */ = {isa = PBXFileReference; fileEncoding = 4; lastKnownFileType = sourcecode.c.h; path = JPSThumbnail.h; sourceTree = "<group>"; };
		27DE0C2B1AB9D44000DA0D9C /* JPSThumbnailAnnotation.h */ = {isa = PBXFileReference; fileEncoding = 4; lastKnownFileType = sourcecode.c.h; path = JPSThumbnailAnnotation.h; sourceTree = "<group>"; };
		27DE0C2C1AB9D44000DA0D9C /* JPSThumbnailAnnotation.m */ = {isa = PBXFileReference; fileEncoding = 4; lastKnownFileType = sourcecode.c.objc; path = JPSThumbnailAnnotation.m; sourceTree = "<group>"; };
		27DE0C2D1AB9D44000DA0D9C /* JPSThumbnailAnnotationView.h */ = {isa = PBXFileReference; fileEncoding = 4; lastKnownFileType = sourcecode.c.h; path = JPSThumbnailAnnotationView.h; sourceTree = "<group>"; };
		27DE0C2E1AB9D44000DA0D9C /* JPSThumbnailAnnotationView.m */ = {isa = PBXFileReference; fileEncoding = 4; lastKnownFileType = sourcecode.c.objc; path = JPSThumbnailAnnotationView.m; sourceTree = "<group>"; };
		27DE0C2F1AB9D44000DA0D9C /* JPSThumnail.m */ = {isa = PBXFileReference; fileEncoding = 4; lastKnownFileType = sourcecode.c.objc; path = JPSThumnail.m; sourceTree = "<group>"; };
		27EC539B1AB3F68500CC2A10 /* MHFacebookImageViewer.h */ = {isa = PBXFileReference; fileEncoding = 4; lastKnownFileType = sourcecode.c.h; path = MHFacebookImageViewer.h; sourceTree = "<group>"; };
		27EC539C1AB3F68500CC2A10 /* MHFacebookImageViewer.m */ = {isa = PBXFileReference; fileEncoding = 4; lastKnownFileType = sourcecode.c.objc; path = MHFacebookImageViewer.m; sourceTree = "<group>"; };
		27EC539E1AB3F68500CC2A10 /* Done.png */ = {isa = PBXFileReference; lastKnownFileType = image.png; path = Done.png; sourceTree = "<group>"; };
		27EC539F1AB3F68500CC2A10 /* Done@2x.png */ = {isa = PBXFileReference; lastKnownFileType = image.png; path = "Done@2x.png"; sourceTree = "<group>"; };
		27EFDB3B1ACDA45F00C13D94 /* BELSHAW_.TTF */ = {isa = PBXFileReference; lastKnownFileType = file; path = BELSHAW_.TTF; sourceTree = "<group>"; };
		39C11CF79E8FBB5E252EBBA2 /* Pods-dROP.release.xcconfig */ = {isa = PBXFileReference; includeInIndex = 1; lastKnownFileType = text.xcconfig; name = "Pods-dROP.release.xcconfig"; path = "Pods/Target Support Files/Pods-dROP/Pods-dROP.release.xcconfig"; sourceTree = "<group>"; };
		41D7FC332F4A70DBA52539F7 /* Pods-Drop It!.release.xcconfig */ = {isa = PBXFileReference; includeInIndex = 1; lastKnownFileType = text.xcconfig; name = "Pods-Drop It!.release.xcconfig"; path = "Pods/Target Support Files/Pods-Drop It!/Pods-Drop It!.release.xcconfig"; sourceTree = "<group>"; };
		5B45C3F4981671AD7FFC8629 /* Pods-dROP.debug.xcconfig */ = {isa = PBXFileReference; includeInIndex = 1; lastKnownFileType = text.xcconfig; name = "Pods-dROP.debug.xcconfig"; path = "Pods/Target Support Files/Pods-dROP/Pods-dROP.debug.xcconfig"; sourceTree = "<group>"; };
		8CF015556396258EBEA913BC /* libPods-Drop It!.a */ = {isa = PBXFileReference; explicitFileType = archive.ar; includeInIndex = 0; path = "libPods-Drop It!.a"; sourceTree = BUILT_PRODUCTS_DIR; };
		BC5F1459AD623D1043B75532 /* Pods-Drop It!.debug.xcconfig */ = {isa = PBXFileReference; includeInIndex = 1; lastKnownFileType = text.xcconfig; name = "Pods-Drop It!.debug.xcconfig"; path = "Pods/Target Support Files/Pods-Drop It!/Pods-Drop It!.debug.xcconfig"; sourceTree = "<group>"; };
		C9660BC7CDFAED3A7A9DE949 /* libPods-dROP.a */ = {isa = PBXFileReference; explicitFileType = archive.ar; includeInIndex = 0; path = "libPods-dROP.a"; sourceTree = BUILT_PRODUCTS_DIR; };
/* End PBXFileReference section */

/* Begin PBXFrameworksBuildPhase section */
		27A3346B1AA63525008188FC /* Frameworks */ = {
			isa = PBXFrameworksBuildPhase;
			buildActionMask = 2147483647;
			files = (
				27B4048A1AA8ADBE007DC137 /* Accounts.framework in Frameworks */,
				272925081ABB7C0800A271D4 /* AdSupport.framework in Frameworks */,
				27B404651AA8AC2F007DC137 /* AudioToolbox.framework in Frameworks */,
				278CF74F1AAD409600A13D4B /* AVFoundation.framework in Frameworks */,
				27B404671AA8AC36007DC137 /* CFNetwork.framework in Frameworks */,
				27B4046C1AA8AC44007DC137 /* CoreGraphics.framework in Frameworks */,
				27B4046D1AA8AC44007DC137 /* CoreLocation.framework in Frameworks */,
				2729250A1ABB7C1300A271D4 /* CoreTelephony.framework in Frameworks */,
				27B404881AA8AD8D007DC137 /* FacebookSDK.framework in Frameworks */,
				27131FFD1AB72E0A00CF23DB /* MapKit.framework in Frameworks */,
				27B4046E1AA8AC44007DC137 /* MobileCoreServices.framework in Frameworks */,
				27B404811AA8ACF2007DC137 /* Parse.framework in Frameworks */,
				27B404831AA8ACF2007DC137 /* ParseFacebookUtils.framework in Frameworks */,
				27B404841AA8ACF2007DC137 /* ParseUI.framework in Frameworks */,
				27B404711AA8AC49007DC137 /* Security.framework in Frameworks */,
				27B404861AA8AD64007DC137 /* Social.framework in Frameworks */,
				27B404731AA8AC4E007DC137 /* StoreKit.framework in Frameworks */,
				27B404751AA8AC57007DC137 /* SystemConfiguration.framework in Frameworks */,
				27B4046F1AA8AC44007DC137 /* QuartzCore.framework in Frameworks */,
				274C88211AC0780B00C8FB72 /* AvocarrotSDK.framework in Frameworks */,
				27B404781AA8AC6D007DC137 /* libsqlite3.dylib in Frameworks */,
				27B404791AA8AC6D007DC137 /* libz.dylib in Frameworks */,
				2FC357E59019DA43FFE75718 /* libPods-Drop It!.a in Frameworks */,
			);
			runOnlyForDeploymentPostprocessing = 0;
		};
		27A334841AA63525008188FC /* Frameworks */ = {
			isa = PBXFrameworksBuildPhase;
			buildActionMask = 2147483647;
			files = (
			);
			runOnlyForDeploymentPostprocessing = 0;
		};
/* End PBXFrameworksBuildPhase section */

/* Begin PBXGroup section */
		2713200D1AB7669300CF23DB /* Fruits */ = {
			isa = PBXGroup;
			children = (
				2713200E1AB7669F00CF23DB /* apple.png */,
				2713202C1AB76E2E00CF23DB /* apple2.png */,
				2713202E1AB76E3500CF23DB /* banana2.png */,
				271320111AB7669F00CF23DB /* cherries.png */,
				271320121AB7669F00CF23DB /* coconut.png */,
				271320131AB7669F00CF23DB /* grapes.png */,
				271320301AB76E3B00CF23DB /* grapes2.png */,
				271320141AB7669F00CF23DB /* kiwi.png */,
				271320151AB7669F00CF23DB /* lemon.png */,
				271320341AB76E7100CF23DB /* papaya.png */,
				2713203C1AB76E9200CF23DB /* peach2.png */,
				271320351AB76E7100CF23DB /* pineapple.png */,
				271320161AB7669F00CF23DB /* lime.png */,
				271320181AB7669F00CF23DB /* orange.png */,
				271320321AB76E4300CF23DB /* orange2.png */,
				271320191AB7669F00CF23DB /* peach.png */,
				2713201A1AB7669F00CF23DB /* strawberry.png */,
				271320361AB76E7100CF23DB /* strawberry2.png */,
				279DA5E11AC757D100591B4C /* strawberry3.png */,
				2713201B1AB7669F00CF23DB /* watermelon.png */,
				271320371AB76E7100CF23DB /* watermelon2.png */,
				2713202A1AB76BB800CF23DB /* peach2.png */,
			);
			name = Fruits;
			sourceTree = "<group>";
		};
		273E422D1ACC36C10048964B /* Menu */ = {
			isa = PBXGroup;
			children = (
				277170481AD039DC00AFF514 /* DEMOLeftMenuViewController.h */,
				277170491AD039DC00AFF514 /* DEMOLeftMenuViewController.m */,
				273E422E1ACC36EA0048964B /* MenuTableViewController.h */,
				273E422F1ACC36EA0048964B /* MenuTableViewController.m */,
				279850101AD2C99E00E4CAF7 /* DIMethods.h */,
				279850111AD2C99E00E4CAF7 /* DIMethods.m */,
			);
			name = Menu;
			sourceTree = "<group>";
		};
		277170641AD07FE500AFF514 /* Fonts */ = {
			isa = PBXGroup;
			children = (
				27CBDF1A1ACB721D004DEEE1 /* Aspire-DemiBold.ttf */,
				27CBDF1C1ACB771A004DEEE1 /* cocacolaii.ttf */,
				27CBDF1E1ACB7754004DEEE1 /* BANANASP.TTF */,
				27EFDB3B1ACDA45F00C13D94 /* BELSHAW_.TTF */,
			);
			name = Fonts;
			sourceTree = "<group>";
		};
		2778CFC01AB8D69D00DD30CE /* Map */ = {
			isa = PBXGroup;
			children = (
				27131FDD1AB5C78100CF23DB /* MapViewController.h */,
				27131FDE1AB5C78100CF23DB /* MapViewController.m */,
				2713203E1AB77AA800CF23DB /* MapPostViewController.h */,
				2713203F1AB77AA800CF23DB /* MapPostViewController.m */,
			);
			name = Map;
			sourceTree = "<group>";
		};
		2778CFC61AB9180600DD30CE /* SpinKit */ = {
			isa = PBXGroup;
			children = (
				2778CFC71AB9181600DD30CE /* RTSpinKitView.h */,
				2778CFC81AB9181600DD30CE /* RTSpinKitView.m */,
			);
			name = SpinKit;
			sourceTree = "<group>";
		};
		278CF73B1AACFFB800A13D4B /* Images */ = {
			isa = PBXGroup;
			children = (
				27CBDEC21AC99B03004DEEE1 /* People */,
				2713200D1AB7669300CF23DB /* Fruits */,
				27B4043F1AA66744007DC137 /* CoverPhotoPH.JPG */,
				27D3B81A1AC36238000E4ED5 /* placeholder.jpg */,
			);
			name = Images;
			sourceTree = "<group>";
		};
		278CF74B1AAD3ED900A13D4B /* Table View Cells */ = {
			isa = PBXGroup;
			children = (
				2729251E1ABC692A00A271D4 /* DITableViewCell.h */,
				2729251F1ABC692A00A271D4 /* DITableViewCell.m */,
				27B404191AA64057007DC137 /* PostTextTableViewCell.h */,
				27B4041A1AA64057007DC137 /* PostTextTableViewCell.m */,
				27B404D91AABBEEC007DC137 /* CommentTableViewCell.h */,
				27B404DA1AABBEEC007DC137 /* CommentTableViewCell.m */,
				273E1AC31AB0B13200D41694 /* TimelineTableViewCell.h */,
				273E1AC41AB0B13200D41694 /* TimelineTableViewCell.m */,
				2729251B1ABC59AB00A271D4 /* ColouredTableViewCell.h */,
				2729251C1ABC59AB00A271D4 /* ColouredTableViewCell.m */,
				2775C46E1AC3437A00B19772 /* ProfileTableViewCell.h */,
				2775C46F1AC3437A00B19772 /* ProfileTableViewCell.m */,
			);
			name = "Table View Cells";
			sourceTree = "<group>";
		};
		278CF74C1AAD3EFC00A13D4B /* View Controllers */ = {
			isa = PBXGroup;
			children = (
				273E422D1ACC36C10048964B /* Menu */,
				27CBDF081ACB17E0004DEEE1 /* Home */,
				27CBDF091ACB17F6004DEEE1 /* Profile */,
				27CBDF0A1ACB1817004DEEE1 /* Events */,
				2778CFC01AB8D69D00DD30CE /* Map */,
				279DA5EF1AC88D6300591B4C /* Articles */,
			);
			name = "View Controllers";
			sourceTree = "<group>";
		};
		278CF74D1AAD3F0A00A13D4B /* Third Party */ = {
			isa = PBXGroup;
			children = (
				277170641AD07FE500AFF514 /* Fonts */,
				27CBDF161ACB1E9E004DEEE1 /* ILSideScrollView */,
				27CBDF151ACB1E8E004DEEE1 /* RBMenu */,
				27CBDF141ACB1E82004DEEE1 /* Reachability */,
				27DE0C291AB9D43700DA0D9C /* JPSThumbnailAnnotation */,
				2778CFC61AB9180600DD30CE /* SpinKit */,
				27B96A8C1AAFBA3600AC4120 /* ABCIntroView */,
				27B96AA01AAFBD1300AC4120 /* MCSwipeTableViewCell */,
				27B404D61AAB9570007DC137 /* LPlaceholderTextView.m */,
				27B404D71AAB9570007DC137 /* LPlaceholderTextView.h */,
				27B96AA81AAFBD7400AC4120 /* CCMBorderView.h */,
				27B96AA91AAFBD7400AC4120 /* CCMBorderView.m */,
			);
			name = "Third Party";
			sourceTree = "<group>";
		};
		279DA5EF1AC88D6300591B4C /* Articles */ = {
			isa = PBXGroup;
			children = (
				279DA5F81AC8905200591B4C /* gym.jpeg */,
				279DA5F01AC88F1A00591B4C /* 3date.jpeg */,
				279DA5F61AC88F9600591B4C /* food.png */,
				279DA5FA1AC8926900591B4C /* lovingdublin.png */,
				279DA5FB1AC8926900591B4C /* collegetimes.png */,
				279DA5F11AC88F1A00591B4C /* byob.jpeg */,
				279DA5F21AC88F1A00591B4C /* no.jpg */,
				279DA5E61AC8709400591B4C /* ArticlesTableViewController.h */,
				279DA5E71AC8709400591B4C /* ArticlesTableViewController.m */,
				279DA5E91AC874ED00591B4C /* ArticleHeaderView.h */,
				279DA5EA1AC874ED00591B4C /* ArticleHeaderView.m */,
				279DA5EC1AC8751F00591B4C /* ArticleTableViewCell.h */,
				279DA5ED1AC8751F00591B4C /* ArticleTableViewCell.m */,
				27CBDF051AC9D2B6004DEEE1 /* ArticleViewController.h */,
				27CBDF061AC9D2B6004DEEE1 /* ArticleViewController.m */,
			);
			name = Articles;
			sourceTree = "<group>";
		};
		27A334651AA63525008188FC = {
			isa = PBXGroup;
			children = (
				27A334701AA63525008188FC /* Drop It! */,
				27A3348A1AA63525008188FC /* dROPTests */,
				27A3346F1AA63525008188FC /* Products */,
				6576E8180E3735258E8D97BB /* Pods */,
				488E64E64531AA34639045DB /* Frameworks */,
			);
			sourceTree = "<group>";
		};
		27A3346F1AA63525008188FC /* Products */ = {
			isa = PBXGroup;
			children = (
				27A3346E1AA63525008188FC /* Drop It!.app */,
				27A334871AA63525008188FC /* Drop It!Tests.xctest */,
			);
			name = Products;
			sourceTree = "<group>";
		};
		27A334701AA63525008188FC /* Drop It! */ = {
			isa = PBXGroup;
			children = (
				27A334751AA63525008188FC /* AppDelegate.h */,
				27A334761AA63525008188FC /* AppDelegate.m */,
				27B404381AA6605E007DC137 /* Config.h */,
				27B4048E1AA8EDD1007DC137 /* Config.m */,
				278CF74D1AAD3F0A00A13D4B /* Third Party */,
				27EC539A1AB3F68500CC2A10 /* MHFBImageViewController */,
				278CF74C1AAD3EFC00A13D4B /* View Controllers */,
				278CF74B1AAD3ED900A13D4B /* Table View Cells */,
				278CF73B1AACFFB800A13D4B /* Images */,
				27A3347E1AA63525008188FC /* Images.xcassets */,
				27A334711AA63525008188FC /* Supporting Files */,
			);
			name = "Drop It!";
			path = dROP;
			sourceTree = "<group>";
		};
		27A334711AA63525008188FC /* Supporting Files */ = {
			isa = PBXGroup;
			children = (
				27A334721AA63525008188FC /* Info.plist */,
				27A334731AA63525008188FC /* main.m */,
			);
			name = "Supporting Files";
			sourceTree = "<group>";
		};
		27A3348A1AA63525008188FC /* dROPTests */ = {
			isa = PBXGroup;
			children = (
				27A3348D1AA63525008188FC /* DropItTests.m */,
				27A3348B1AA63525008188FC /* Supporting Files */,
			);
			path = dROPTests;
			sourceTree = "<group>";
		};
		27A3348B1AA63525008188FC /* Supporting Files */ = {
			isa = PBXGroup;
			children = (
				27A3348C1AA63525008188FC /* Info.plist */,
			);
			name = "Supporting Files";
			sourceTree = "<group>";
		};
		27B4047A1AA8ACF2007DC137 /* parse-library-1.6.3 */ = {
			isa = PBXGroup;
			children = (
				27B4047C1AA8ACF2007DC137 /* Parse.framework */,
				27B4047E1AA8ACF2007DC137 /* ParseFacebookUtils.framework */,
				27B4047F1AA8ACF2007DC137 /* ParseUI.framework */,
			);
			name = "parse-library-1.6.3";
			path = "../../Downloads/parse-library-1.6.3";
			sourceTree = "<group>";
		};
		27B96A8C1AAFBA3600AC4120 /* ABCIntroView */ = {
			isa = PBXGroup;
			children = (
				27B96A8D1AAFBA4900AC4120 /* ABCIntroView.h */,
				27B96A8E1AAFBA4900AC4120 /* ABCIntroView.m */,
				27B96AAE1AB00ED600AC4120 /* Blue-Blurry-Desktop-Background.jpg */,
				27B96A8F1AAFBA4900AC4120 /* Add.png */,
				27B96A901AAFBA4900AC4120 /* Comment.png */,
				27B96A911AAFBA4900AC4120 /* Dislike.png */,
				27B96A921AAFBA4900AC4120 /* Profile.png */,
				27B96A931AAFBA4900AC4120 /* Time.png */,
			);
			name = ABCIntroView;
			sourceTree = "<group>";
		};
		27B96AA01AAFBD1300AC4120 /* MCSwipeTableViewCell */ = {
			isa = PBXGroup;
			children = (
				27B96AA41AAFBD5C00AC4120 /* cross.png */,
				27B96AA51AAFBD5C00AC4120 /* cross@2x.png */,
				27B96AA11AAFBD1300AC4120 /* MCSwipeTableViewCell.h */,
				27B96AA21AAFBD1300AC4120 /* MCSwipeTableViewCell.m */,
			);
			path = MCSwipeTableViewCell;
			sourceTree = "<group>";
		};
		27CBDEC21AC99B03004DEEE1 /* People */ = {
			isa = PBXGroup;
			children = (
				27CBDEC31AC99B1E004DEEE1 /* .DS_Store */,
				27CBDEC41AC99B1E004DEEE1 /* lady1.png */,
				27CBDEC51AC99B1E004DEEE1 /* lady2.png */,
				27CBDEC61AC99B1E004DEEE1 /* lady3.png */,
				27CBDEC71AC99B1E004DEEE1 /* lady4.png */,
				27CBDEC81AC99B1E004DEEE1 /* lady5.png */,
				27CBDEC91AC99B1E004DEEE1 /* lady6.png */,
				27CBDECA1AC99B1E004DEEE1 /* lady7.png */,
				27CBDECB1AC99B1E004DEEE1 /* lady8.png */,
				27CBDECC1AC99B1E004DEEE1 /* lady9.png */,
				27CBDECD1AC99B1E004DEEE1 /* lady10.png */,
				27CBDECE1AC99B1E004DEEE1 /* lady11.png */,
				27CBDECF1AC99B1E004DEEE1 /* lady12.png */,
				27CBDED01AC99B1E004DEEE1 /* lady13.png */,
				27CBDED11AC99B1E004DEEE1 /* lady14.png */,
				27CBDED21AC99B1E004DEEE1 /* man1.png */,
				27CBDED31AC99B1E004DEEE1 /* man2.png */,
				27CBDED41AC99B1E004DEEE1 /* man3.png */,
				27CBDED51AC99B1E004DEEE1 /* man4.png */,
				27CBDED61AC99B1E004DEEE1 /* man5.png */,
				27CBDED71AC99B1E004DEEE1 /* man6.png */,
				27CBDED81AC99B1E004DEEE1 /* man7.png */,
				27CBDED91AC99B1E004DEEE1 /* man8.png */,
				27CBDEDA1AC99B1E004DEEE1 /* man9.png */,
				27CBDEDB1AC99B1E004DEEE1 /* man10.png */,
				27CBDEDC1AC99B1E004DEEE1 /* man11.png */,
			);
			name = People;
			sourceTree = "<group>";
		};
		27CBDF081ACB17E0004DEEE1 /* Home */ = {
			isa = PBXGroup;
			children = (
				27A334971AA6367F008188FC /* HomeTableViewController.h */,
				27A334981AA6367F008188FC /* HomeTableViewController.m */,
				27B404411AA77B57007DC137 /* AddPostViewController.h */,
				27B404421AA77B57007DC137 /* AddPostViewController.m */,
				27B404A01AA9F3FF007DC137 /* ViewPostTableViewController.h */,
				27B404A11AA9F3FF007DC137 /* ViewPostTableViewController.m */,
				273E421E1ACC32030048964B /* LeftPanelViewController.h */,
				273E42221ACC328D0048964B /* LeftPanelViewController.m */,
				273E42241ACC336E0048964B /* TableViewItem.h */,
				273E42251ACC336E0048964B /* TableViewItem.m */,
				273E422A1ACC33850048964B /* TableViewSection.h */,
				273E422B1ACC33850048964B /* TableViewSection.m */,
			);
			name = Home;
			sourceTree = "<group>";
		};
		27CBDF091ACB17F6004DEEE1 /* Profile */ = {
			isa = PBXGroup;
			children = (
				278CF7381AACFD0E00A13D4B /* ProfileViewController.h */,
				278CF7391AACFD0E00A13D4B /* ProfileViewController.m */,
				278CF78C1AAE49EA00A13D4B /* InfoViewController.h */,
				278CF78D1AAE49EA00A13D4B /* InfoViewController.m */,
			);
			name = Profile;
			sourceTree = "<group>";
		};
		27CBDF0A1ACB1817004DEEE1 /* Events */ = {
			isa = PBXGroup;
			children = (
				27CBDF0E1ACB1D72004DEEE1 /* EventsViewController.h */,
				27CBDF0F1ACB1D72004DEEE1 /* EventsViewController.m */,
				27CBDF301ACB8098004DEEE1 /* Event1.jpg */,
				27CBDF311ACB8098004DEEE1 /* Event2.jpg */,
				27CBDF321ACB8098004DEEE1 /* Event3.jpg */,
				27CBDF331ACB8098004DEEE1 /* Event4.jpg */,
				27CBDF341ACB8098004DEEE1 /* Event5.jpg */,
				27CBDF351ACB8098004DEEE1 /* Event6.jpg */,
				27CBDF361ACB8098004DEEE1 /* Event0.jpg */,
				2748CB921ACC7AA2004D4A5E /* Club1.jpg */,
				2748CB931ACC7AA2004D4A5E /* Club2.jpg */,
				2748CB941ACC7AA2004D4A5E /* Club3.jpg */,
				2748CBA01ACC7B1D004D4A5E /* Club4.jpg */,
				2748CBA21ACC7B4D004D4A5E /* Club5.jpg */,
				2748CB971ACC7AA2004D4A5E /* Club6.jpg */,
				2748CB981ACC7AA2004D4A5E /* Club0.jpg */,
			);
			name = Events;
			sourceTree = "<group>";
		};
		27CBDF141ACB1E82004DEEE1 /* Reachability */ = {
			isa = PBXGroup;
			children = (
				278CF7421AAD2EDF00A13D4B /* Reachability.h */,
				278CF7431AAD2EDF00A13D4B /* Reachability.m */,
			);
			name = Reachability;
			sourceTree = "<group>";
		};
		27CBDF151ACB1E8E004DEEE1 /* RBMenu */ = {
			isa = PBXGroup;
			children = (
				27CBDEFF1AC9BD99004DEEE1 /* RBMenu.h */,
				27CBDF001AC9BD99004DEEE1 /* RBMenu.m */,
			);
			name = RBMenu;
			sourceTree = "<group>";
		};
		27CBDF161ACB1E9E004DEEE1 /* ILSideScrollView */ = {
			isa = PBXGroup;
			children = (
				27CBDF111ACB1E04004DEEE1 /* ILSideScrollView.h */,
				27CBDF121ACB1E04004DEEE1 /* ILSideScrollView.m */,
				27CBDF171ACB1EAB004DEEE1 /* ILSideScrollViewItem.h */,
				27CBDF181ACB1EAB004DEEE1 /* ILSideScrollViewItem.m */,
			);
			name = ILSideScrollView;
			sourceTree = "<group>";
		};
		27DE0C291AB9D43700DA0D9C /* JPSThumbnailAnnotation */ = {
			isa = PBXGroup;
			children = (
				27DE0C2A1AB9D44000DA0D9C /* JPSThumbnail.h */,
				27DE0C2B1AB9D44000DA0D9C /* JPSThumbnailAnnotation.h */,
				27DE0C2C1AB9D44000DA0D9C /* JPSThumbnailAnnotation.m */,
				27DE0C2D1AB9D44000DA0D9C /* JPSThumbnailAnnotationView.h */,
				27DE0C2E1AB9D44000DA0D9C /* JPSThumbnailAnnotationView.m */,
				27DE0C2F1AB9D44000DA0D9C /* JPSThumnail.m */,
			);
			name = JPSThumbnailAnnotation;
			sourceTree = "<group>";
		};
		27EC539A1AB3F68500CC2A10 /* MHFBImageViewController */ = {
			isa = PBXGroup;
			children = (
				27EC539B1AB3F68500CC2A10 /* MHFacebookImageViewer.h */,
				27EC539C1AB3F68500CC2A10 /* MHFacebookImageViewer.m */,
				27EC539D1AB3F68500CC2A10 /* Resources */,
			);
			path = MHFBImageViewController;
			sourceTree = "<group>";
		};
		27EC539D1AB3F68500CC2A10 /* Resources */ = {
			isa = PBXGroup;
			children = (
				27EC539E1AB3F68500CC2A10 /* Done.png */,
				27EC539F1AB3F68500CC2A10 /* Done@2x.png */,
			);
			path = Resources;
			sourceTree = "<group>";
		};
		488E64E64531AA34639045DB /* Frameworks */ = {
			isa = PBXGroup;
			children = (
				274C88201AC0780B00C8FB72 /* AvocarrotSDK.framework */,
				272925091ABB7C1300A271D4 /* CoreTelephony.framework */,
				272925071ABB7C0800A271D4 /* AdSupport.framework */,
				27131FFC1AB72E0A00CF23DB /* MapKit.framework */,
				278CF74E1AAD409600A13D4B /* AVFoundation.framework */,
				27B4047A1AA8ACF2007DC137 /* parse-library-1.6.3 */,
				27B404871AA8AD8D007DC137 /* FacebookSDK.framework */,
				27B404891AA8ADBD007DC137 /* Accounts.framework */,
				27B404851AA8AD64007DC137 /* Social.framework */,
				27B404761AA8AC6D007DC137 /* libsqlite3.dylib */,
				27B404771AA8AC6D007DC137 /* libz.dylib */,
				27B404741AA8AC57007DC137 /* SystemConfiguration.framework */,
				27B404721AA8AC4E007DC137 /* StoreKit.framework */,
				27B404701AA8AC49007DC137 /* Security.framework */,
				27B404681AA8AC44007DC137 /* CoreGraphics.framework */,
				27B404691AA8AC44007DC137 /* CoreLocation.framework */,
				27B4046A1AA8AC44007DC137 /* MobileCoreServices.framework */,
				27B4046B1AA8AC44007DC137 /* QuartzCore.framework */,
				27B404661AA8AC36007DC137 /* CFNetwork.framework */,
				27B404641AA8AC2F007DC137 /* AudioToolbox.framework */,
				C9660BC7CDFAED3A7A9DE949 /* libPods-dROP.a */,
				8CF015556396258EBEA913BC /* libPods-Drop It!.a */,
			);
			name = Frameworks;
			sourceTree = "<group>";
		};
		6576E8180E3735258E8D97BB /* Pods */ = {
			isa = PBXGroup;
			children = (
				5B45C3F4981671AD7FFC8629 /* Pods-dROP.debug.xcconfig */,
				39C11CF79E8FBB5E252EBBA2 /* Pods-dROP.release.xcconfig */,
				BC5F1459AD623D1043B75532 /* Pods-Drop It!.debug.xcconfig */,
				41D7FC332F4A70DBA52539F7 /* Pods-Drop It!.release.xcconfig */,
			);
			name = Pods;
			sourceTree = "<group>";
		};
/* End PBXGroup section */

/* Begin PBXNativeTarget section */
		27A3346D1AA63525008188FC /* Drop It! */ = {
			isa = PBXNativeTarget;
			buildConfigurationList = 27A334911AA63525008188FC /* Build configuration list for PBXNativeTarget "Drop It!" */;
			buildPhases = (
				2C1DAC5B417B7E6F7840B7F0 /* Check Pods Manifest.lock */,
				27A3346A1AA63525008188FC /* Sources */,
				27A3346B1AA63525008188FC /* Frameworks */,
				27A3346C1AA63525008188FC /* Resources */,
				DA514448E9ACE9E51B50DBD3 /* Copy Pods Resources */,
			);
			buildRules = (
			);
			dependencies = (
			);
			name = "Drop It!";
			productName = dROP;
			productReference = 27A3346E1AA63525008188FC /* Drop It!.app */;
			productType = "com.apple.product-type.application";
		};
		27A334861AA63525008188FC /* DropItTests */ = {
			isa = PBXNativeTarget;
			buildConfigurationList = 27A334941AA63525008188FC /* Build configuration list for PBXNativeTarget "DropItTests" */;
			buildPhases = (
				27A334831AA63525008188FC /* Sources */,
				27A334841AA63525008188FC /* Frameworks */,
				27A334851AA63525008188FC /* Resources */,
			);
			buildRules = (
			);
			dependencies = (
				27A334891AA63525008188FC /* PBXTargetDependency */,
			);
			name = DropItTests;
			productName = dROPTests;
			productReference = 27A334871AA63525008188FC /* Drop It!Tests.xctest */;
			productType = "com.apple.product-type.bundle.unit-test";
		};
/* End PBXNativeTarget section */

/* Begin PBXProject section */
		27A334661AA63525008188FC /* Project object */ = {
			isa = PBXProject;
			attributes = {
				LastUpgradeCheck = 0610;
				ORGANIZATIONNAME = "Moses Esan";
				TargetAttributes = {
					27A3346D1AA63525008188FC = {
						CreatedOnToolsVersion = 6.1.1;
					};
					27A334861AA63525008188FC = {
						CreatedOnToolsVersion = 6.1.1;
						DevelopmentTeam = E5YN35DM5Z;
						TestTargetID = 27A3346D1AA63525008188FC;
					};
				};
			};
			buildConfigurationList = 27A334691AA63525008188FC /* Build configuration list for PBXProject "Drop It!" */;
			compatibilityVersion = "Xcode 3.2";
			developmentRegion = English;
			hasScannedForEncodings = 0;
			knownRegions = (
				en,
				Base,
			);
			mainGroup = 27A334651AA63525008188FC;
			productRefGroup = 27A3346F1AA63525008188FC /* Products */;
			projectDirPath = "";
			projectRoot = "";
			targets = (
				27A3346D1AA63525008188FC /* Drop It! */,
				27A334861AA63525008188FC /* DropItTests */,
			);
		};
/* End PBXProject section */

/* Begin PBXResourcesBuildPhase section */
		27A3346C1AA63525008188FC /* Resources */ = {
			isa = PBXResourcesBuildPhase;
			buildActionMask = 2147483647;
			files = (
				2748CB991ACC7AA2004D4A5E /* Club1.jpg in Resources */,
				27CBDF1B1ACB721D004DEEE1 /* Aspire-DemiBold.ttf in Resources */,
				2748CB9F1ACC7AA2004D4A5E /* Club0.jpg in Resources */,
				27CBDF1D1ACB771A004DEEE1 /* cocacolaii.ttf in Resources */,
				27CBDF1F1ACB7754004DEEE1 /* BANANASP.TTF in Resources */,
				2713202B1AB76BB800CF23DB /* peach2.png in Resources */,
				27B404401AA66744007DC137 /* CoverPhotoPH.JPG in Resources */,
				27CBDEE31AC99B1E004DEEE1 /* lady6.png in Resources */,
				27CBDEDF1AC99B1E004DEEE1 /* lady2.png in Resources */,
				271320211AB7669F00CF23DB /* grapes.png in Resources */,
				279DA5F31AC88F1A00591B4C /* 3date.jpeg in Resources */,
				279DA5E21AC757D100591B4C /* strawberry3.png in Resources */,
				27CBDEE61AC99B1E004DEEE1 /* lady9.png in Resources */,
				27CBDEE41AC99B1E004DEEE1 /* lady7.png in Resources */,
				271320241AB7669F00CF23DB /* lime.png in Resources */,
				27B96A971AAFBA4900AC4120 /* Dislike.png in Resources */,
				27CBDF391ACB8098004DEEE1 /* Event3.jpg in Resources */,
				27B96AB01AB00ED600AC4120 /* Blue-Blurry-Desktop-Background.jpg in Resources */,
				279DA5F41AC88F1A00591B4C /* byob.jpeg in Resources */,
				271320271AB7669F00CF23DB /* peach.png in Resources */,
				27CBDEF01AC99B1E004DEEE1 /* man5.png in Resources */,
				27CBDEE21AC99B1E004DEEE1 /* lady5.png in Resources */,
				2713201F1AB7669F00CF23DB /* cherries.png in Resources */,
				27CBDF371ACB8098004DEEE1 /* Event1.jpg in Resources */,
				27CBDF3C1ACB8098004DEEE1 /* Event6.jpg in Resources */,
				279DA5F71AC88F9600591B4C /* food.png in Resources */,
				27B96AA61AAFBD5C00AC4120 /* cross.png in Resources */,
				2713203A1AB76E7100CF23DB /* strawberry2.png in Resources */,
				2748CB9E1ACC7AA2004D4A5E /* Club6.jpg in Resources */,
				27CBDEF41AC99B1E004DEEE1 /* man9.png in Resources */,
				271320231AB7669F00CF23DB /* lemon.png in Resources */,
				27B96A991AAFBA4900AC4120 /* Time.png in Resources */,
				27CBDEDD1AC99B1E004DEEE1 /* .DS_Store in Resources */,
				271320201AB7669F00CF23DB /* coconut.png in Resources */,
				2748CBA11ACC7B1D004D4A5E /* Club4.jpg in Resources */,
				2748CB9A1ACC7AA2004D4A5E /* Club2.jpg in Resources */,
				27EC53A21AB3F68500CC2A10 /* Done@2x.png in Resources */,
				2713202F1AB76E3500CF23DB /* banana2.png in Resources */,
				2713203D1AB76E9200CF23DB /* peach2.png in Resources */,
				27CBDEEE1AC99B1E004DEEE1 /* man3.png in Resources */,
				27B96A981AAFBA4900AC4120 /* Profile.png in Resources */,
				279DA5FC1AC8926900591B4C /* lovingdublin.png in Resources */,
				271320221AB7669F00CF23DB /* kiwi.png in Resources */,
				27B96A951AAFBA4900AC4120 /* Add.png in Resources */,
				27CBDF3A1ACB8098004DEEE1 /* Event4.jpg in Resources */,
				271320311AB76E3B00CF23DB /* grapes2.png in Resources */,
				2748CB9B1ACC7AA2004D4A5E /* Club3.jpg in Resources */,
				27B96AA71AAFBD5C00AC4120 /* cross@2x.png in Resources */,
				279DA5F91AC8905200591B4C /* gym.jpeg in Resources */,
				271320281AB7669F00CF23DB /* strawberry.png in Resources */,
				27CBDF3D1ACB8098004DEEE1 /* Event0.jpg in Resources */,
				27EC53A11AB3F68500CC2A10 /* Done.png in Resources */,
				27D3B81B1AC36238000E4ED5 /* placeholder.jpg in Resources */,
				27CBDEF11AC99B1E004DEEE1 /* man6.png in Resources */,
				27CBDEE51AC99B1E004DEEE1 /* lady8.png in Resources */,
				27B96A961AAFBA4900AC4120 /* Comment.png in Resources */,
				27CBDF381ACB8098004DEEE1 /* Event2.jpg in Resources */,
				271320381AB76E7100CF23DB /* papaya.png in Resources */,
				2713201C1AB7669F00CF23DB /* apple.png in Resources */,
				27EFDB3C1ACDA45F00C13D94 /* BELSHAW_.TTF in Resources */,
				27CBDEE01AC99B1E004DEEE1 /* lady3.png in Resources */,
				27CBDEEF1AC99B1E004DEEE1 /* man4.png in Resources */,
				27A3347F1AA63525008188FC /* Images.xcassets in Resources */,
				27CBDEF21AC99B1E004DEEE1 /* man7.png in Resources */,
				27CBDEEB1AC99B1E004DEEE1 /* lady14.png in Resources */,
				27CBDEF51AC99B1E004DEEE1 /* man10.png in Resources */,
				279DA5FD1AC8926900591B4C /* collegetimes.png in Resources */,
				27CBDEE11AC99B1E004DEEE1 /* lady4.png in Resources */,
				271320331AB76E4300CF23DB /* orange2.png in Resources */,
				27CBDEF31AC99B1E004DEEE1 /* man8.png in Resources */,
				27CBDEED1AC99B1E004DEEE1 /* man2.png in Resources */,
				27CBDEE71AC99B1E004DEEE1 /* lady10.png in Resources */,
				2713203B1AB76E7100CF23DB /* watermelon2.png in Resources */,
				27CBDF3B1ACB8098004DEEE1 /* Event5.jpg in Resources */,
				27CBDEEC1AC99B1E004DEEE1 /* man1.png in Resources */,
				27CBDEE91AC99B1E004DEEE1 /* lady12.png in Resources */,
				271320261AB7669F00CF23DB /* orange.png in Resources */,
				2748CBA31ACC7B4D004D4A5E /* Club5.jpg in Resources */,
				27CBDEDE1AC99B1E004DEEE1 /* lady1.png in Resources */,
				271320291AB7669F00CF23DB /* watermelon.png in Resources */,
				27CBDEEA1AC99B1E004DEEE1 /* lady13.png in Resources */,
				2713202D1AB76E2E00CF23DB /* apple2.png in Resources */,
				27CBDEE81AC99B1E004DEEE1 /* lady11.png in Resources */,
				279DA5F51AC88F1A00591B4C /* no.jpg in Resources */,
				27CBDEF61AC99B1E004DEEE1 /* man11.png in Resources */,
				271320391AB76E7100CF23DB /* pineapple.png in Resources */,
			);
			runOnlyForDeploymentPostprocessing = 0;
		};
		27A334851AA63525008188FC /* Resources */ = {
			isa = PBXResourcesBuildPhase;
			buildActionMask = 2147483647;
			files = (
			);
			runOnlyForDeploymentPostprocessing = 0;
		};
/* End PBXResourcesBuildPhase section */

/* Begin PBXShellScriptBuildPhase section */
		2C1DAC5B417B7E6F7840B7F0 /* Check Pods Manifest.lock */ = {
			isa = PBXShellScriptBuildPhase;
			buildActionMask = 2147483647;
			files = (
			);
			inputPaths = (
			);
			name = "Check Pods Manifest.lock";
			outputPaths = (
			);
			runOnlyForDeploymentPostprocessing = 0;
			shellPath = /bin/sh;
			shellScript = "diff \"${PODS_ROOT}/../Podfile.lock\" \"${PODS_ROOT}/Manifest.lock\" > /dev/null\nif [[ $? != 0 ]] ; then\n    cat << EOM\nerror: The sandbox is not in sync with the Podfile.lock. Run 'pod install' or update your CocoaPods installation.\nEOM\n    exit 1\nfi\n";
			showEnvVarsInLog = 0;
		};
		DA514448E9ACE9E51B50DBD3 /* Copy Pods Resources */ = {
			isa = PBXShellScriptBuildPhase;
			buildActionMask = 2147483647;
			files = (
			);
			inputPaths = (
			);
			name = "Copy Pods Resources";
			outputPaths = (
			);
			runOnlyForDeploymentPostprocessing = 0;
			shellPath = /bin/sh;
			shellScript = "\"${SRCROOT}/Pods/Target Support Files/Pods-Drop It!/Pods-Drop It!-resources.sh\"\n";
			showEnvVarsInLog = 0;
		};
/* End PBXShellScriptBuildPhase section */

/* Begin PBXSourcesBuildPhase section */
		27A3346A1AA63525008188FC /* Sources */ = {
			isa = PBXSourcesBuildPhase;
			buildActionMask = 2147483647;
			files = (
				27B404431AA77B57007DC137 /* AddPostViewController.m in Sources */,
				27B96AA31AAFBD1300AC4120 /* MCSwipeTableViewCell.m in Sources */,
				279DA5E81AC8709400591B4C /* ArticlesTableViewController.m in Sources */,
				273E1AC51AB0B13200D41694 /* TimelineTableViewCell.m in Sources */,
				27A334991AA6367F008188FC /* HomeTableViewController.m in Sources */,
				27B404D81AAB9570007DC137 /* LPlaceholderTextView.m in Sources */,
				2729251D1ABC59AB00A271D4 /* ColouredTableViewCell.m in Sources */,
				27CBDF191ACB1EAB004DEEE1 /* ILSideScrollViewItem.m in Sources */,
				27131FDF1AB5C78100CF23DB /* MapViewController.m in Sources */,
				27DE0C301AB9D44000DA0D9C /* JPSThumbnailAnnotation.m in Sources */,
				27B96AAA1AAFBD7400AC4120 /* CCMBorderView.m in Sources */,
				27CBDF011AC9BD99004DEEE1 /* RBMenu.m in Sources */,
				273E422C1ACC33850048964B /* TableViewSection.m in Sources */,
				27A334771AA63525008188FC /* AppDelegate.m in Sources */,
				27CBDF131ACB1E04004DEEE1 /* ILSideScrollView.m in Sources */,
				27CBDF071AC9D2B6004DEEE1 /* ArticleViewController.m in Sources */,
				278CF73A1AACFD0E00A13D4B /* ProfileViewController.m in Sources */,
				27B404A21AA9F3FF007DC137 /* ViewPostTableViewController.m in Sources */,
				279DA5EB1AC874ED00591B4C /* ArticleHeaderView.m in Sources */,
				27B4041B1AA64057007DC137 /* PostTextTableViewCell.m in Sources */,
				271320401AB77AA800CF23DB /* MapPostViewController.m in Sources */,
				27B96A941AAFBA4900AC4120 /* ABCIntroView.m in Sources */,
				272925201ABC692A00A271D4 /* DITableViewCell.m in Sources */,
				27A334741AA63525008188FC /* main.m in Sources */,
				278CF7441AAD2EDF00A13D4B /* Reachability.m in Sources */,
				2778CFC91AB9181600DD30CE /* RTSpinKitView.m in Sources */,
				27DE0C321AB9D44000DA0D9C /* JPSThumnail.m in Sources */,
				27B4048F1AA8EDD1007DC137 /* Config.m in Sources */,
				278CF78E1AAE49EA00A13D4B /* InfoViewController.m in Sources */,
				273E42231ACC328D0048964B /* LeftPanelViewController.m in Sources */,
				27DE0C311AB9D44000DA0D9C /* JPSThumbnailAnnotationView.m in Sources */,
				279850121AD2C99E00E4CAF7 /* DIMethods.m in Sources */,
				27CBDF101ACB1D72004DEEE1 /* EventsViewController.m in Sources */,
				2775C4701AC3437A00B19772 /* ProfileTableViewCell.m in Sources */,
				273E42301ACC36EA0048964B /* MenuTableViewController.m in Sources */,
				2771704C1AD039DC00AFF514 /* DEMOLeftMenuViewController.m in Sources */,
				27EC53A01AB3F68500CC2A10 /* MHFacebookImageViewer.m in Sources */,
				273E42261ACC336E0048964B /* TableViewItem.m in Sources */,
				279DA5EE1AC8751F00591B4C /* ArticleTableViewCell.m in Sources */,
				27B404DB1AABBEEC007DC137 /* CommentTableViewCell.m in Sources */,
			);
			runOnlyForDeploymentPostprocessing = 0;
		};
		27A334831AA63525008188FC /* Sources */ = {
			isa = PBXSourcesBuildPhase;
			buildActionMask = 2147483647;
			files = (
				27A3348E1AA63525008188FC /* DropItTests.m in Sources */,
			);
			runOnlyForDeploymentPostprocessing = 0;
		};
/* End PBXSourcesBuildPhase section */

/* Begin PBXTargetDependency section */
		27A334891AA63525008188FC /* PBXTargetDependency */ = {
			isa = PBXTargetDependency;
			target = 27A3346D1AA63525008188FC /* Drop It! */;
			targetProxy = 27A334881AA63525008188FC /* PBXContainerItemProxy */;
		};
/* End PBXTargetDependency section */

/* Begin XCBuildConfiguration section */
		27A3348F1AA63525008188FC /* Debug */ = {
			isa = XCBuildConfiguration;
			buildSettings = {
				ALWAYS_SEARCH_USER_PATHS = NO;
				CLANG_CXX_LANGUAGE_STANDARD = "gnu++0x";
				CLANG_CXX_LIBRARY = "libc++";
				CLANG_ENABLE_MODULES = YES;
				CLANG_ENABLE_OBJC_ARC = YES;
				CLANG_WARN_BOOL_CONVERSION = YES;
				CLANG_WARN_CONSTANT_CONVERSION = YES;
				CLANG_WARN_DIRECT_OBJC_ISA_USAGE = YES_ERROR;
				CLANG_WARN_EMPTY_BODY = YES;
				CLANG_WARN_ENUM_CONVERSION = YES;
				CLANG_WARN_INT_CONVERSION = YES;
				CLANG_WARN_OBJC_ROOT_CLASS = YES_ERROR;
				CLANG_WARN_UNREACHABLE_CODE = YES;
				CLANG_WARN__DUPLICATE_METHOD_MATCH = YES;
				CODE_SIGN_IDENTITY = "iPhone Developer: Moses Esan (FYM94DD73H)";
				"CODE_SIGN_IDENTITY[sdk=iphoneos*]" = "iPhone Developer: Moses Esan (FYM94DD73H)";
				COPY_PHASE_STRIP = NO;
				ENABLE_STRICT_OBJC_MSGSEND = YES;
				GCC_C_LANGUAGE_STANDARD = gnu99;
				GCC_DYNAMIC_NO_PIC = NO;
				GCC_OPTIMIZATION_LEVEL = 0;
				GCC_PREPROCESSOR_DEFINITIONS = (
					"DEBUG=1",
					"$(inherited)",
				);
				GCC_SYMBOLS_PRIVATE_EXTERN = NO;
				GCC_WARN_64_TO_32_BIT_CONVERSION = YES;
				GCC_WARN_ABOUT_RETURN_TYPE = YES_ERROR;
				GCC_WARN_UNDECLARED_SELECTOR = YES;
				GCC_WARN_UNINITIALIZED_AUTOS = YES_AGGRESSIVE;
				GCC_WARN_UNUSED_FUNCTION = YES;
				GCC_WARN_UNUSED_VARIABLE = YES;
				IPHONEOS_DEPLOYMENT_TARGET = 7.0;
				MTL_ENABLE_DEBUG_INFO = YES;
				ONLY_ACTIVE_ARCH = YES;
				PROVISIONING_PROFILE = "fc8501d7-292b-4dac-b4e4-956e684d653c";
				SDKROOT = iphoneos;
			};
			name = Debug;
		};
		27A334901AA63525008188FC /* Release */ = {
			isa = XCBuildConfiguration;
			buildSettings = {
				ALWAYS_SEARCH_USER_PATHS = NO;
				CLANG_CXX_LANGUAGE_STANDARD = "gnu++0x";
				CLANG_CXX_LIBRARY = "libc++";
				CLANG_ENABLE_MODULES = YES;
				CLANG_ENABLE_OBJC_ARC = YES;
				CLANG_WARN_BOOL_CONVERSION = YES;
				CLANG_WARN_CONSTANT_CONVERSION = YES;
				CLANG_WARN_DIRECT_OBJC_ISA_USAGE = YES_ERROR;
				CLANG_WARN_EMPTY_BODY = YES;
				CLANG_WARN_ENUM_CONVERSION = YES;
				CLANG_WARN_INT_CONVERSION = YES;
				CLANG_WARN_OBJC_ROOT_CLASS = YES_ERROR;
				CLANG_WARN_UNREACHABLE_CODE = YES;
				CLANG_WARN__DUPLICATE_METHOD_MATCH = YES;
				CODE_SIGN_IDENTITY = "iPhone Distribution: Moses Esan (E5YN35DM5Z)";
				"CODE_SIGN_IDENTITY[sdk=iphoneos*]" = "iPhone Distribution: Moses Esan (E5YN35DM5Z)";
				COPY_PHASE_STRIP = YES;
				ENABLE_NS_ASSERTIONS = NO;
				ENABLE_STRICT_OBJC_MSGSEND = YES;
				GCC_C_LANGUAGE_STANDARD = gnu99;
				GCC_WARN_64_TO_32_BIT_CONVERSION = YES;
				GCC_WARN_ABOUT_RETURN_TYPE = YES_ERROR;
				GCC_WARN_UNDECLARED_SELECTOR = YES;
				GCC_WARN_UNINITIALIZED_AUTOS = YES_AGGRESSIVE;
				GCC_WARN_UNUSED_FUNCTION = YES;
				GCC_WARN_UNUSED_VARIABLE = YES;
				IPHONEOS_DEPLOYMENT_TARGET = 7.0;
				MTL_ENABLE_DEBUG_INFO = NO;
				PROVISIONING_PROFILE = "fc8501d7-292b-4dac-b4e4-956e684d653c";
				SDKROOT = iphoneos;
				VALIDATE_PRODUCT = YES;
			};
			name = Release;
		};
		27A334921AA63525008188FC /* Debug */ = {
			isa = XCBuildConfiguration;
			baseConfigurationReference = BC5F1459AD623D1043B75532 /* Pods-Drop It!.debug.xcconfig */;
			buildSettings = {
				ASSETCATALOG_COMPILER_APPICON_NAME = AppIcon;
				ASSETCATALOG_COMPILER_LAUNCHIMAGE_NAME = LaunchImage;
				CLANG_ENABLE_MODULES = YES;
				FRAMEWORK_SEARCH_PATHS = (
					"$(inherited)",
					"/Users/mosesesan/Downloads/parse-library-1.6.3",
					"$(PROJECT_DIR)/dROP",
					"/Users/mosesesan/Dropbox/avocarrot-ios-sdk-v3.1.2",
					"$(PROJECT_DIR)",
				);
				INFOPLIST_FILE = dROP/Info.plist;
				IPHONEOS_DEPLOYMENT_TARGET = 7.0;
				LD_RUNPATH_SEARCH_PATHS = "$(inherited) @executable_path/Frameworks";
				PRODUCT_NAME = "Drop It!";
				PROVISIONING_PROFILE = "";
				SWIFT_OBJC_BRIDGING_HEADER = "dROP/Drop It!-Bridging-Header.h";
				SWIFT_OPTIMIZATION_LEVEL = "-Onone";
			};
			name = Debug;
		};
		27A334931AA63525008188FC /* Release */ = {
			isa = XCBuildConfiguration;
			baseConfigurationReference = 41D7FC332F4A70DBA52539F7 /* Pods-Drop It!.release.xcconfig */;
			buildSettings = {
				ASSETCATALOG_COMPILER_APPICON_NAME = AppIcon;
				ASSETCATALOG_COMPILER_LAUNCHIMAGE_NAME = LaunchImage;
				CLANG_ENABLE_MODULES = YES;
				FRAMEWORK_SEARCH_PATHS = (
					"$(inherited)",
					"/Users/mosesesan/Downloads/parse-library-1.6.3",
					"$(PROJECT_DIR)/dROP",
					"/Users/mosesesan/Dropbox/avocarrot-ios-sdk-v3.1.2",
					"$(PROJECT_DIR)",
				);
				INFOPLIST_FILE = dROP/Info.plist;
				IPHONEOS_DEPLOYMENT_TARGET = 7.0;
				LD_RUNPATH_SEARCH_PATHS = "$(inherited) @executable_path/Frameworks";
				PRODUCT_NAME = "Drop It!";
				PROVISIONING_PROFILE = "";
				SWIFT_OBJC_BRIDGING_HEADER = "dROP/Drop It!-Bridging-Header.h";
			};
			name = Release;
		};
		27A334951AA63525008188FC /* Debug */ = {
			isa = XCBuildConfiguration;
			buildSettings = {
				BUNDLE_LOADER = "$(TEST_HOST)";
				CODE_SIGN_IDENTITY = "iPhone Developer";
				"CODE_SIGN_IDENTITY[sdk=iphoneos*]" = "iPhone Developer";
				FRAMEWORK_SEARCH_PATHS = (
					"$(SDKROOT)/Developer/Library/Frameworks",
					"$(inherited)",
				);
				GCC_PREPROCESSOR_DEFINITIONS = (
					"DEBUG=1",
					"$(inherited)",
				);
				INFOPLIST_FILE = dROPTests/Info.plist;
				LD_RUNPATH_SEARCH_PATHS = "$(inherited) @executable_path/Frameworks @loader_path/Frameworks";
				PRODUCT_NAME = "Drop It!Tests";
				PROVISIONING_PROFILE = "";
				TEST_HOST = "";
			};
			name = Debug;
		};
		27A334961AA63525008188FC /* Release */ = {
			isa = XCBuildConfiguration;
			buildSettings = {
				BUNDLE_LOADER = "$(TEST_HOST)";
				CODE_SIGN_IDENTITY = "iPhone Developer";
				"CODE_SIGN_IDENTITY[sdk=iphoneos*]" = "iPhone Developer";
				FRAMEWORK_SEARCH_PATHS = (
					"$(SDKROOT)/Developer/Library/Frameworks",
					"$(inherited)",
				);
				INFOPLIST_FILE = dROPTests/Info.plist;
				LD_RUNPATH_SEARCH_PATHS = "$(inherited) @executable_path/Frameworks @loader_path/Frameworks";
				PRODUCT_NAME = "Drop It!Tests";
				PROVISIONING_PROFILE = "";
				TEST_HOST = "";
			};
			name = Release;
		};
/* End XCBuildConfiguration section */

/* Begin XCConfigurationList section */
		27A334691AA63525008188FC /* Build configuration list for PBXProject "Drop It!" */ = {
			isa = XCConfigurationList;
			buildConfigurations = (
				27A3348F1AA63525008188FC /* Debug */,
				27A334901AA63525008188FC /* Release */,
			);
			defaultConfigurationIsVisible = 0;
			defaultConfigurationName = Release;
		};
		27A334911AA63525008188FC /* Build configuration list for PBXNativeTarget "Drop It!" */ = {
			isa = XCConfigurationList;
			buildConfigurations = (
				27A334921AA63525008188FC /* Debug */,
				27A334931AA63525008188FC /* Release */,
			);
			defaultConfigurationIsVisible = 0;
			defaultConfigurationName = Release;
		};
		27A334941AA63525008188FC /* Build configuration list for PBXNativeTarget "DropItTests" */ = {
			isa = XCConfigurationList;
			buildConfigurations = (
				27A334951AA63525008188FC /* Debug */,
				27A334961AA63525008188FC /* Release */,
			);
			defaultConfigurationIsVisible = 0;
			defaultConfigurationName = Release;
		};
/* End XCConfigurationList section */
	};
	rootObject = 27A334661AA63525008188FC /* Project object */;
}
